// !$*UTF8*$!
{
	archiveVersion = 1;
	classes = {
	};
	objectVersion = 56;
	objects = {

/* Begin PBXBuildFile section */
		F419472B2BDD451B000F374B /* BusRouteEntity.swift in Sources */ = {isa = PBXBuildFile; fileRef = F41947292BDD451B000F374B /* BusRouteEntity.swift */; };
		F419472D2BDD54B4000F374B /* GetBusRouteStopsAPIResponse.swift in Sources */ = {isa = PBXBuildFile; fileRef = F419472C2BDD54B4000F374B /* GetBusRouteStopsAPIResponse.swift */; };
		F419472F2BDD5547000F374B /* BusRouteStops.swift in Sources */ = {isa = PBXBuildFile; fileRef = F419472E2BDD5547000F374B /* BusRouteStops.swift */; };
		F41947322BDD59DD000F374B /* Utils.swift in Sources */ = {isa = PBXBuildFile; fileRef = F41947312BDD59DD000F374B /* Utils.swift */; };
		F41947342BDD5F83000F374B /* GetBusStopPredictionsAPIResponse.swift in Sources */ = {isa = PBXBuildFile; fileRef = F41947332BDD5F83000F374B /* GetBusStopPredictionsAPIResponse.swift */; };
		F41947362BDD5FBC000F374B /* BusStopPredictions.swift in Sources */ = {isa = PBXBuildFile; fileRef = F41947352BDD5FBC000F374B /* BusStopPredictions.swift */; };
		F41947382BDD6209000F374B /* BusStopPredictionsView.swift in Sources */ = {isa = PBXBuildFile; fileRef = F41947372BDD6209000F374B /* BusStopPredictionsView.swift */; };
		F419473A2BDE9AD0000F374B /* BusTransitMapView.swift in Sources */ = {isa = PBXBuildFile; fileRef = F41947392BDE9AD0000F374B /* BusTransitMapView.swift */; };
		F419473D2BDE9C8A000F374B /* BusRouteItemView.swift in Sources */ = {isa = PBXBuildFile; fileRef = F419473C2BDE9C8A000F374B /* BusRouteItemView.swift */; };
		F41947402BDEC920000F374B /* BusRoutesViewModel.swift in Sources */ = {isa = PBXBuildFile; fileRef = F419473F2BDEC920000F374B /* BusRoutesViewModel.swift */; };
		F41947422BDEC9A8000F374B /* MainBusViewModel.swift in Sources */ = {isa = PBXBuildFile; fileRef = F41947412BDEC9A8000F374B /* MainBusViewModel.swift */; };
		F41947442BDECEF7000F374B /* BusRouteDetailsViewModel.swift in Sources */ = {isa = PBXBuildFile; fileRef = F41947432BDECEF7000F374B /* BusRouteDetailsViewModel.swift */; };
		F41947462BDED2F3000F374B /* BusStopPredictionsViewModel.swift in Sources */ = {isa = PBXBuildFile; fileRef = F41947452BDED2F3000F374B /* BusStopPredictionsViewModel.swift */; };
		F41947482BE1C3BA000F374B /* TrainRepository.swift in Sources */ = {isa = PBXBuildFile; fileRef = F41947472BE1C3BA000F374B /* TrainRepository.swift */; };
		F419474A2BE1C540000F374B /* TrainLine.swift in Sources */ = {isa = PBXBuildFile; fileRef = F41947492BE1C540000F374B /* TrainLine.swift */; };
		F41947502BE1CA9B000F374B /* TrainRoutes.swift in Sources */ = {isa = PBXBuildFile; fileRef = F419474F2BE1CA9B000F374B /* TrainRoutes.swift */; };
		F41947522BE1CEAE000F374B /* MainTrainView.swift in Sources */ = {isa = PBXBuildFile; fileRef = F41947512BE1CEAE000F374B /* MainTrainView.swift */; };
		F41947542BE1CEC6000F374B /* MainTrainViewModel.swift in Sources */ = {isa = PBXBuildFile; fileRef = F41947532BE1CEC6000F374B /* MainTrainViewModel.swift */; };
		F41947562BE1DCA4000F374B /* TrainRoutesView.swift in Sources */ = {isa = PBXBuildFile; fileRef = F41947552BE1DCA4000F374B /* TrainRoutesView.swift */; };
		F41947582BE1DCF6000F374B /* TrainRouteItemView.swift in Sources */ = {isa = PBXBuildFile; fileRef = F41947572BE1DCF6000F374B /* TrainRouteItemView.swift */; };
		F41947622BE46A60000F374B /* ctaTrackerTests.swift in Sources */ = {isa = PBXBuildFile; fileRef = F41947612BE46A60000F374B /* ctaTrackerTests.swift */; };
		F41947692BE4736E000F374B /* stations.json in Resources */ = {isa = PBXBuildFile; fileRef = F41947682BE4736E000F374B /* stations.json */; };
		F419476B2BE473BA000F374B /* TrainStops.swift in Sources */ = {isa = PBXBuildFile; fileRef = F419476A2BE473BA000F374B /* TrainStops.swift */; };
		F419476D2BE4854D000F374B /* GetTrainArrivalsAPIResponse.swift in Sources */ = {isa = PBXBuildFile; fileRef = F419476C2BE4854D000F374B /* GetTrainArrivalsAPIResponse.swift */; };
		F419476F2BE5AD9E000F374B /* TrainDetailsView.swift in Sources */ = {isa = PBXBuildFile; fileRef = F419476E2BE5AD9E000F374B /* TrainDetailsView.swift */; };
		F41947712BE5B5E1000F374B /* TrainStopPredictionsView.swift in Sources */ = {isa = PBXBuildFile; fileRef = F41947702BE5B5E1000F374B /* TrainStopPredictionsView.swift */; };
		F41947732BE5B691000F374B /* TrainStopPredictionsViewModel.swift in Sources */ = {isa = PBXBuildFile; fileRef = F41947722BE5B691000F374B /* TrainStopPredictionsViewModel.swift */; };
		F41947752BE5B718000F374B /* TrainStopPredictions.swift in Sources */ = {isa = PBXBuildFile; fileRef = F41947742BE5B718000F374B /* TrainStopPredictions.swift */; };
		F41947772BE87DF2000F374B /* TrainPredictionItemView.swift in Sources */ = {isa = PBXBuildFile; fileRef = F41947762BE87DF2000F374B /* TrainPredictionItemView.swift */; };
		F43AC30B2BD751CE0093767E /* ctaTrackerApp.swift in Sources */ = {isa = PBXBuildFile; fileRef = F43AC30A2BD751CE0093767E /* ctaTrackerApp.swift */; };
		F43AC30D2BD751CE0093767E /* MainBusView.swift in Sources */ = {isa = PBXBuildFile; fileRef = F43AC30C2BD751CE0093767E /* MainBusView.swift */; };
		F43AC30F2BD751CF0093767E /* Assets.xcassets in Resources */ = {isa = PBXBuildFile; fileRef = F43AC30E2BD751CF0093767E /* Assets.xcassets */; };
		F43AC3122BD751CF0093767E /* Preview Assets.xcassets in Resources */ = {isa = PBXBuildFile; fileRef = F43AC3112BD751CF0093767E /* Preview Assets.xcassets */; };
		F43AC3182BD751CF0093767E /* ctaTracker Watch App.app in Embed Watch Content */ = {isa = PBXBuildFile; fileRef = F43AC3172BD751CF0093767E /* ctaTracker Watch App.app */; settings = {ATTRIBUTES = (RemoveHeadersOnCopy, ); }; };
		F43AC31D2BD751CF0093767E /* ctaTrackerApp.swift in Sources */ = {isa = PBXBuildFile; fileRef = F43AC31C2BD751CF0093767E /* ctaTrackerApp.swift */; };
		F43AC31F2BD751CF0093767E /* ContentView.swift in Sources */ = {isa = PBXBuildFile; fileRef = F43AC31E2BD751CF0093767E /* ContentView.swift */; };
		F43AC3212BD751D00093767E /* Assets.xcassets in Resources */ = {isa = PBXBuildFile; fileRef = F43AC3202BD751D00093767E /* Assets.xcassets */; };
		F43AC3242BD751D00093767E /* Preview Assets.xcassets in Resources */ = {isa = PBXBuildFile; fileRef = F43AC3232BD751D00093767E /* Preview Assets.xcassets */; };
		F4DCC5D62BE9B95700681317 /* TrainStopItemView.swift in Sources */ = {isa = PBXBuildFile; fileRef = F4DCC5D52BE9B95700681317 /* TrainStopItemView.swift */; };
		F4DCC5D82BEB103C00681317 /* TrainTransitMapView.swift in Sources */ = {isa = PBXBuildFile; fileRef = F4DCC5D72BEB103C00681317 /* TrainTransitMapView.swift */; };
		F4DCC5DC2BEB31D600681317 /* TrainStopEntity.swift in Sources */ = {isa = PBXBuildFile; fileRef = F4DCC5DA2BEB31D600681317 /* TrainStopEntity.swift */; };
		F4EFBC4C2BD7565700CD7035 /* Alamofire in Frameworks */ = {isa = PBXBuildFile; productRef = F4EFBC4B2BD7565700CD7035 /* Alamofire */; };
		F4EFBC512BD7566300CD7035 /* Alamofire in Frameworks */ = {isa = PBXBuildFile; productRef = F4EFBC502BD7566300CD7035 /* Alamofire */; };
		F4EFBC5D2BD75CBA00CD7035 /* GetBusRoutesAPIResponse.swift in Sources */ = {isa = PBXBuildFile; fileRef = F4EFBC5C2BD75CBA00CD7035 /* GetBusRoutesAPIResponse.swift */; };
		F4EFBC602BD9E2E600CD7035 /* BusRoutes.swift in Sources */ = {isa = PBXBuildFile; fileRef = F4EFBC5F2BD9E2E600CD7035 /* BusRoutes.swift */; };
		F4EFBC652BD9E80C00CD7035 /* BusRoutesView.swift in Sources */ = {isa = PBXBuildFile; fileRef = F4EFBC642BD9E80C00CD7035 /* BusRoutesView.swift */; };
		F4EFBC682BD9E83400CD7035 /* BusRepository.swift in Sources */ = {isa = PBXBuildFile; fileRef = F4EFBC672BD9E83400CD7035 /* BusRepository.swift */; };
		F4EFBC6A2BD9EAC200CD7035 /* BusRouteDetailView.swift in Sources */ = {isa = PBXBuildFile; fileRef = F4EFBC692BD9EAC200CD7035 /* BusRouteDetailView.swift */; };
		F4EFBC6C2BD9ECDE00CD7035 /* GetBusDirectionsAPIResponse.swift in Sources */ = {isa = PBXBuildFile; fileRef = F4EFBC6B2BD9ECDE00CD7035 /* GetBusDirectionsAPIResponse.swift */; };
		F4EFBC6E2BD9ED1100CD7035 /* BusDirections.swift in Sources */ = {isa = PBXBuildFile; fileRef = F4EFBC6D2BD9ED1100CD7035 /* BusDirections.swift */; };
		F4EFBC742BD9F4E800CD7035 /* Favorites.xcdatamodeld in Sources */ = {isa = PBXBuildFile; fileRef = F4EFBC722BD9F4E800CD7035 /* Favorites.xcdatamodeld */; };
/* End PBXBuildFile section */

/* Begin PBXContainerItemProxy section */
		F41947632BE46A60000F374B /* PBXContainerItemProxy */ = {
			isa = PBXContainerItemProxy;
			containerPortal = F43AC2FF2BD751CE0093767E /* Project object */;
			proxyType = 1;
			remoteGlobalIDString = F43AC3062BD751CE0093767E;
			remoteInfo = ctaTracker;
		};
		F43AC3192BD751CF0093767E /* PBXContainerItemProxy */ = {
			isa = PBXContainerItemProxy;
			containerPortal = F43AC2FF2BD751CE0093767E /* Project object */;
			proxyType = 1;
			remoteGlobalIDString = F43AC3162BD751CF0093767E;
			remoteInfo = "ctaTracker Watch App";
		};
/* End PBXContainerItemProxy section */

/* Begin PBXCopyFilesBuildPhase section */
		F43AC32A2BD751D00093767E /* Embed Watch Content */ = {
			isa = PBXCopyFilesBuildPhase;
			buildActionMask = 2147483647;
			dstPath = "$(CONTENTS_FOLDER_PATH)/Watch";
			dstSubfolderSpec = 16;
			files = (
				F43AC3182BD751CF0093767E /* ctaTracker Watch App.app in Embed Watch Content */,
			);
			name = "Embed Watch Content";
			runOnlyForDeploymentPostprocessing = 0;
		};
		F4EFBC552BD7566600CD7035 /* Embed Frameworks */ = {
			isa = PBXCopyFilesBuildPhase;
			buildActionMask = 2147483647;
			dstPath = "";
			dstSubfolderSpec = 10;
			files = (
			);
			name = "Embed Frameworks";
			runOnlyForDeploymentPostprocessing = 0;
		};
/* End PBXCopyFilesBuildPhase section */

/* Begin PBXFileReference section */
		F41947292BDD451B000F374B /* BusRouteEntity.swift */ = {isa = PBXFileReference; fileEncoding = 4; lastKnownFileType = sourcecode.swift; path = BusRouteEntity.swift; sourceTree = "<group>"; };
		F419472C2BDD54B4000F374B /* GetBusRouteStopsAPIResponse.swift */ = {isa = PBXFileReference; lastKnownFileType = sourcecode.swift; path = GetBusRouteStopsAPIResponse.swift; sourceTree = "<group>"; };
		F419472E2BDD5547000F374B /* BusRouteStops.swift */ = {isa = PBXFileReference; lastKnownFileType = sourcecode.swift; path = BusRouteStops.swift; sourceTree = "<group>"; };
		F41947312BDD59DD000F374B /* Utils.swift */ = {isa = PBXFileReference; lastKnownFileType = sourcecode.swift; path = Utils.swift; sourceTree = "<group>"; };
		F41947332BDD5F83000F374B /* GetBusStopPredictionsAPIResponse.swift */ = {isa = PBXFileReference; lastKnownFileType = sourcecode.swift; path = GetBusStopPredictionsAPIResponse.swift; sourceTree = "<group>"; };
		F41947352BDD5FBC000F374B /* BusStopPredictions.swift */ = {isa = PBXFileReference; lastKnownFileType = sourcecode.swift; path = BusStopPredictions.swift; sourceTree = "<group>"; };
		F41947372BDD6209000F374B /* BusStopPredictionsView.swift */ = {isa = PBXFileReference; lastKnownFileType = sourcecode.swift; path = BusStopPredictionsView.swift; sourceTree = "<group>"; };
		F41947392BDE9AD0000F374B /* BusTransitMapView.swift */ = {isa = PBXFileReference; lastKnownFileType = sourcecode.swift; path = BusTransitMapView.swift; sourceTree = "<group>"; };
		F419473C2BDE9C8A000F374B /* BusRouteItemView.swift */ = {isa = PBXFileReference; lastKnownFileType = sourcecode.swift; path = BusRouteItemView.swift; sourceTree = "<group>"; };
		F419473F2BDEC920000F374B /* BusRoutesViewModel.swift */ = {isa = PBXFileReference; lastKnownFileType = sourcecode.swift; path = BusRoutesViewModel.swift; sourceTree = "<group>"; };
		F41947412BDEC9A8000F374B /* MainBusViewModel.swift */ = {isa = PBXFileReference; lastKnownFileType = sourcecode.swift; path = MainBusViewModel.swift; sourceTree = "<group>"; };
		F41947432BDECEF7000F374B /* BusRouteDetailsViewModel.swift */ = {isa = PBXFileReference; lastKnownFileType = sourcecode.swift; path = BusRouteDetailsViewModel.swift; sourceTree = "<group>"; };
		F41947452BDED2F3000F374B /* BusStopPredictionsViewModel.swift */ = {isa = PBXFileReference; lastKnownFileType = sourcecode.swift; path = BusStopPredictionsViewModel.swift; sourceTree = "<group>"; };
		F41947472BE1C3BA000F374B /* TrainRepository.swift */ = {isa = PBXFileReference; lastKnownFileType = sourcecode.swift; path = TrainRepository.swift; sourceTree = "<group>"; };
		F41947492BE1C540000F374B /* TrainLine.swift */ = {isa = PBXFileReference; lastKnownFileType = sourcecode.swift; path = TrainLine.swift; sourceTree = "<group>"; };
		F419474F2BE1CA9B000F374B /* TrainRoutes.swift */ = {isa = PBXFileReference; lastKnownFileType = sourcecode.swift; path = TrainRoutes.swift; sourceTree = "<group>"; };
		F41947512BE1CEAE000F374B /* MainTrainView.swift */ = {isa = PBXFileReference; lastKnownFileType = sourcecode.swift; path = MainTrainView.swift; sourceTree = "<group>"; };
		F41947532BE1CEC6000F374B /* MainTrainViewModel.swift */ = {isa = PBXFileReference; lastKnownFileType = sourcecode.swift; path = MainTrainViewModel.swift; sourceTree = "<group>"; };
		F41947552BE1DCA4000F374B /* TrainRoutesView.swift */ = {isa = PBXFileReference; lastKnownFileType = sourcecode.swift; path = TrainRoutesView.swift; sourceTree = "<group>"; };
		F41947572BE1DCF6000F374B /* TrainRouteItemView.swift */ = {isa = PBXFileReference; lastKnownFileType = sourcecode.swift; path = TrainRouteItemView.swift; sourceTree = "<group>"; };
		F419475F2BE46A60000F374B /* ctaTrackerTests.xctest */ = {isa = PBXFileReference; explicitFileType = wrapper.cfbundle; includeInIndex = 0; path = ctaTrackerTests.xctest; sourceTree = BUILT_PRODUCTS_DIR; };
		F41947612BE46A60000F374B /* ctaTrackerTests.swift */ = {isa = PBXFileReference; lastKnownFileType = sourcecode.swift; path = ctaTrackerTests.swift; sourceTree = "<group>"; };
		F41947682BE4736E000F374B /* stations.json */ = {isa = PBXFileReference; fileEncoding = 4; lastKnownFileType = text.json; name = stations.json; path = ../../../../Downloads/stations.json; sourceTree = "<group>"; };
		F419476A2BE473BA000F374B /* TrainStops.swift */ = {isa = PBXFileReference; lastKnownFileType = sourcecode.swift; path = TrainStops.swift; sourceTree = "<group>"; };
		F419476C2BE4854D000F374B /* GetTrainArrivalsAPIResponse.swift */ = {isa = PBXFileReference; lastKnownFileType = sourcecode.swift; path = GetTrainArrivalsAPIResponse.swift; sourceTree = "<group>"; };
		F419476E2BE5AD9E000F374B /* TrainDetailsView.swift */ = {isa = PBXFileReference; lastKnownFileType = sourcecode.swift; path = TrainDetailsView.swift; sourceTree = "<group>"; };
		F41947702BE5B5E1000F374B /* TrainStopPredictionsView.swift */ = {isa = PBXFileReference; lastKnownFileType = sourcecode.swift; path = TrainStopPredictionsView.swift; sourceTree = "<group>"; };
		F41947722BE5B691000F374B /* TrainStopPredictionsViewModel.swift */ = {isa = PBXFileReference; lastKnownFileType = sourcecode.swift; path = TrainStopPredictionsViewModel.swift; sourceTree = "<group>"; };
		F41947742BE5B718000F374B /* TrainStopPredictions.swift */ = {isa = PBXFileReference; lastKnownFileType = sourcecode.swift; path = TrainStopPredictions.swift; sourceTree = "<group>"; };
		F41947762BE87DF2000F374B /* TrainPredictionItemView.swift */ = {isa = PBXFileReference; lastKnownFileType = sourcecode.swift; path = TrainPredictionItemView.swift; sourceTree = "<group>"; };
		F43AC3072BD751CE0093767E /* ctaTracker.app */ = {isa = PBXFileReference; explicitFileType = wrapper.application; includeInIndex = 0; path = ctaTracker.app; sourceTree = BUILT_PRODUCTS_DIR; };
		F43AC30A2BD751CE0093767E /* ctaTrackerApp.swift */ = {isa = PBXFileReference; lastKnownFileType = sourcecode.swift; path = ctaTrackerApp.swift; sourceTree = "<group>"; };
		F43AC30C2BD751CE0093767E /* MainBusView.swift */ = {isa = PBXFileReference; lastKnownFileType = sourcecode.swift; path = MainBusView.swift; sourceTree = "<group>"; };
		F43AC30E2BD751CF0093767E /* Assets.xcassets */ = {isa = PBXFileReference; lastKnownFileType = folder.assetcatalog; path = Assets.xcassets; sourceTree = "<group>"; };
		F43AC3112BD751CF0093767E /* Preview Assets.xcassets */ = {isa = PBXFileReference; lastKnownFileType = folder.assetcatalog; path = "Preview Assets.xcassets"; sourceTree = "<group>"; };
		F43AC3172BD751CF0093767E /* ctaTracker Watch App.app */ = {isa = PBXFileReference; explicitFileType = wrapper.application; includeInIndex = 0; path = "ctaTracker Watch App.app"; sourceTree = BUILT_PRODUCTS_DIR; };
		F43AC31C2BD751CF0093767E /* ctaTrackerApp.swift */ = {isa = PBXFileReference; lastKnownFileType = sourcecode.swift; path = ctaTrackerApp.swift; sourceTree = "<group>"; };
		F43AC31E2BD751CF0093767E /* ContentView.swift */ = {isa = PBXFileReference; lastKnownFileType = sourcecode.swift; path = ContentView.swift; sourceTree = "<group>"; };
		F43AC3202BD751D00093767E /* Assets.xcassets */ = {isa = PBXFileReference; lastKnownFileType = folder.assetcatalog; path = Assets.xcassets; sourceTree = "<group>"; };
		F43AC3232BD751D00093767E /* Preview Assets.xcassets */ = {isa = PBXFileReference; lastKnownFileType = folder.assetcatalog; path = "Preview Assets.xcassets"; sourceTree = "<group>"; };
		F4DCC5D52BE9B95700681317 /* TrainStopItemView.swift */ = {isa = PBXFileReference; lastKnownFileType = sourcecode.swift; path = TrainStopItemView.swift; sourceTree = "<group>"; };
		F4DCC5D72BEB103C00681317 /* TrainTransitMapView.swift */ = {isa = PBXFileReference; lastKnownFileType = sourcecode.swift; path = TrainTransitMapView.swift; sourceTree = "<group>"; };
		F4DCC5DA2BEB31D600681317 /* TrainStopEntity.swift */ = {isa = PBXFileReference; lastKnownFileType = sourcecode.swift; name = TrainStopEntity.swift; path = ../../TrainStopEntity.swift; sourceTree = "<group>"; };
		F4EFBC492BD7549800CD7035 /* APIKey.xcconfig */ = {isa = PBXFileReference; lastKnownFileType = text.xcconfig; path = APIKey.xcconfig; sourceTree = "<group>"; };
		F4EFBC582BD75A7800CD7035 /* Info.plist */ = {isa = PBXFileReference; lastKnownFileType = text.plist; path = Info.plist; sourceTree = "<group>"; };
		F4EFBC5C2BD75CBA00CD7035 /* GetBusRoutesAPIResponse.swift */ = {isa = PBXFileReference; lastKnownFileType = sourcecode.swift; path = GetBusRoutesAPIResponse.swift; sourceTree = "<group>"; };
		F4EFBC5F2BD9E2E600CD7035 /* BusRoutes.swift */ = {isa = PBXFileReference; lastKnownFileType = sourcecode.swift; path = BusRoutes.swift; sourceTree = "<group>"; };
		F4EFBC642BD9E80C00CD7035 /* BusRoutesView.swift */ = {isa = PBXFileReference; lastKnownFileType = sourcecode.swift; path = BusRoutesView.swift; sourceTree = "<group>"; };
		F4EFBC672BD9E83400CD7035 /* BusRepository.swift */ = {isa = PBXFileReference; lastKnownFileType = sourcecode.swift; path = BusRepository.swift; sourceTree = "<group>"; };
		F4EFBC692BD9EAC200CD7035 /* BusRouteDetailView.swift */ = {isa = PBXFileReference; lastKnownFileType = sourcecode.swift; path = BusRouteDetailView.swift; sourceTree = "<group>"; };
		F4EFBC6B2BD9ECDE00CD7035 /* GetBusDirectionsAPIResponse.swift */ = {isa = PBXFileReference; lastKnownFileType = sourcecode.swift; path = GetBusDirectionsAPIResponse.swift; sourceTree = "<group>"; };
		F4EFBC6D2BD9ED1100CD7035 /* BusDirections.swift */ = {isa = PBXFileReference; lastKnownFileType = sourcecode.swift; path = BusDirections.swift; sourceTree = "<group>"; };
		F4EFBC732BD9F4E800CD7035 /* Favorites.xcdatamodel */ = {isa = PBXFileReference; lastKnownFileType = wrapper.xcdatamodel; path = Favorites.xcdatamodel; sourceTree = "<group>"; };
/* End PBXFileReference section */

/* Begin PBXFrameworksBuildPhase section */
		F419475C2BE46A60000F374B /* Frameworks */ = {
			isa = PBXFrameworksBuildPhase;
			buildActionMask = 2147483647;
			files = (
			);
			runOnlyForDeploymentPostprocessing = 0;
		};
		F43AC3042BD751CE0093767E /* Frameworks */ = {
			isa = PBXFrameworksBuildPhase;
			buildActionMask = 2147483647;
			files = (
				F4EFBC4C2BD7565700CD7035 /* Alamofire in Frameworks */,
			);
			runOnlyForDeploymentPostprocessing = 0;
		};
		F43AC3142BD751CF0093767E /* Frameworks */ = {
			isa = PBXFrameworksBuildPhase;
			buildActionMask = 2147483647;
			files = (
				F4EFBC512BD7566300CD7035 /* Alamofire in Frameworks */,
			);
			runOnlyForDeploymentPostprocessing = 0;
		};
/* End PBXFrameworksBuildPhase section */

/* Begin PBXGroup section */
		F419472A2BDD451B000F374B /* CoreDataEntities */ = {
			isa = PBXGroup;
			children = (
				F4DCC5DA2BEB31D600681317 /* TrainStopEntity.swift */,
				F41947292BDD451B000F374B /* BusRouteEntity.swift */,
			);
			path = CoreDataEntities;
			sourceTree = "<group>";
		};
		F41947302BDD59D5000F374B /* Utils */ = {
			isa = PBXGroup;
			children = (
				F41947312BDD59DD000F374B /* Utils.swift */,
			);
			path = Utils;
			sourceTree = "<group>";
		};
		F419473B2BDE9C7A000F374B /* SubViews */ = {
			isa = PBXGroup;
			children = (
				F419473C2BDE9C8A000F374B /* BusRouteItemView.swift */,
				F41947572BE1DCF6000F374B /* TrainRouteItemView.swift */,
				F4DCC5D52BE9B95700681317 /* TrainStopItemView.swift */,
				F41947762BE87DF2000F374B /* TrainPredictionItemView.swift */,
			);
			path = SubViews;
			sourceTree = "<group>";
		};
		F419473E2BDEC90C000F374B /* ViewModels */ = {
			isa = PBXGroup;
			children = (
				F419473F2BDEC920000F374B /* BusRoutesViewModel.swift */,
				F41947412BDEC9A8000F374B /* MainBusViewModel.swift */,
				F41947532BE1CEC6000F374B /* MainTrainViewModel.swift */,
				F41947432BDECEF7000F374B /* BusRouteDetailsViewModel.swift */,
				F41947452BDED2F3000F374B /* BusStopPredictionsViewModel.swift */,
				F41947722BE5B691000F374B /* TrainStopPredictionsViewModel.swift */,
			);
			path = ViewModels;
			sourceTree = "<group>";
		};
		F419474B2BE1C864000F374B /* BusAPI */ = {
			isa = PBXGroup;
			children = (
				F4EFBC5C2BD75CBA00CD7035 /* GetBusRoutesAPIResponse.swift */,
				F4EFBC6B2BD9ECDE00CD7035 /* GetBusDirectionsAPIResponse.swift */,
				F419472C2BDD54B4000F374B /* GetBusRouteStopsAPIResponse.swift */,
				F41947332BDD5F83000F374B /* GetBusStopPredictionsAPIResponse.swift */,
			);
			path = BusAPI;
			sourceTree = "<group>";
		};
		F419474C2BE1C86F000F374B /* TrainAPI */ = {
			isa = PBXGroup;
			children = (
				F419476C2BE4854D000F374B /* GetTrainArrivalsAPIResponse.swift */,
			);
			path = TrainAPI;
			sourceTree = "<group>";
		};
		F41947602BE46A60000F374B /* ctaTrackerTests */ = {
			isa = PBXGroup;
			children = (
				F41947612BE46A60000F374B /* ctaTrackerTests.swift */,
			);
			path = ctaTrackerTests;
			sourceTree = "<group>";
		};
		F43AC2FE2BD751CE0093767E = {
			isa = PBXGroup;
			children = (
				F4EFBC492BD7549800CD7035 /* APIKey.xcconfig */,
				F43AC3092BD751CE0093767E /* ctaTracker */,
				F43AC31B2BD751CF0093767E /* ctaTracker Watch App */,
				F41947602BE46A60000F374B /* ctaTrackerTests */,
				F43AC3082BD751CE0093767E /* Products */,
				F4EFBC4F2BD7566300CD7035 /* Frameworks */,
			);
			sourceTree = "<group>";
		};
		F43AC3082BD751CE0093767E /* Products */ = {
			isa = PBXGroup;
			children = (
				F43AC3072BD751CE0093767E /* ctaTracker.app */,
				F43AC3172BD751CF0093767E /* ctaTracker Watch App.app */,
				F419475F2BE46A60000F374B /* ctaTrackerTests.xctest */,
			);
			name = Products;
			sourceTree = "<group>";
		};
		F43AC3092BD751CE0093767E /* ctaTracker */ = {
			isa = PBXGroup;
			children = (
				F4EFBC582BD75A7800CD7035 /* Info.plist */,
				F43AC30A2BD751CE0093767E /* ctaTrackerApp.swift */,
				F41947682BE4736E000F374B /* stations.json */,
				F419473E2BDEC90C000F374B /* ViewModels */,
				F41947302BDD59D5000F374B /* Utils */,
				F419472A2BDD451B000F374B /* CoreDataEntities */,
				F4EFBC712BD9F4D400CD7035 /* CoreData */,
				F4EFBC662BD9E82400CD7035 /* Repositories */,
				F4EFBC612BD9E7EF00CD7035 /* Views */,
				F4EFBC592BD75C9800CD7035 /* Models */,
				F43AC30E2BD751CF0093767E /* Assets.xcassets */,
				F43AC3102BD751CF0093767E /* Preview Content */,
			);
			path = ctaTracker;
			sourceTree = "<group>";
		};
		F43AC3102BD751CF0093767E /* Preview Content */ = {
			isa = PBXGroup;
			children = (
				F43AC3112BD751CF0093767E /* Preview Assets.xcassets */,
			);
			path = "Preview Content";
			sourceTree = "<group>";
		};
		F43AC31B2BD751CF0093767E /* ctaTracker Watch App */ = {
			isa = PBXGroup;
			children = (
				F43AC31C2BD751CF0093767E /* ctaTrackerApp.swift */,
				F43AC31E2BD751CF0093767E /* ContentView.swift */,
				F43AC3202BD751D00093767E /* Assets.xcassets */,
				F43AC3222BD751D00093767E /* Preview Content */,
			);
			path = "ctaTracker Watch App";
			sourceTree = "<group>";
		};
		F43AC3222BD751D00093767E /* Preview Content */ = {
			isa = PBXGroup;
			children = (
				F43AC3232BD751D00093767E /* Preview Assets.xcassets */,
			);
			path = "Preview Content";
			sourceTree = "<group>";
		};
		F4EFBC4F2BD7566300CD7035 /* Frameworks */ = {
			isa = PBXGroup;
			children = (
			);
			name = Frameworks;
			sourceTree = "<group>";
		};
		F4EFBC592BD75C9800CD7035 /* Models */ = {
			isa = PBXGroup;
			children = (
				F4EFBC5A2BD75CA600CD7035 /* API */,
				F4EFBC5F2BD9E2E600CD7035 /* BusRoutes.swift */,
				F419472E2BDD5547000F374B /* BusRouteStops.swift */,
				F41947352BDD5FBC000F374B /* BusStopPredictions.swift */,
				F41947492BE1C540000F374B /* TrainLine.swift */,
				F41947742BE5B718000F374B /* TrainStopPredictions.swift */,
				F419476A2BE473BA000F374B /* TrainStops.swift */,
				F419474F2BE1CA9B000F374B /* TrainRoutes.swift */,
				F4EFBC6D2BD9ED1100CD7035 /* BusDirections.swift */,
			);
			path = Models;
			sourceTree = "<group>";
		};
		F4EFBC5A2BD75CA600CD7035 /* API */ = {
			isa = PBXGroup;
			children = (
				F419474C2BE1C86F000F374B /* TrainAPI */,
				F419474B2BE1C864000F374B /* BusAPI */,
			);
			path = API;
			sourceTree = "<group>";
		};
		F4EFBC612BD9E7EF00CD7035 /* Views */ = {
			isa = PBXGroup;
			children = (
				F43AC30C2BD751CE0093767E /* MainBusView.swift */,
				F41947512BE1CEAE000F374B /* MainTrainView.swift */,
				F419473B2BDE9C7A000F374B /* SubViews */,
				F4EFBC642BD9E80C00CD7035 /* BusRoutesView.swift */,
				F41947552BE1DCA4000F374B /* TrainRoutesView.swift */,
				F419476E2BE5AD9E000F374B /* TrainDetailsView.swift */,
				F41947702BE5B5E1000F374B /* TrainStopPredictionsView.swift */,
				F4EFBC692BD9EAC200CD7035 /* BusRouteDetailView.swift */,
				F4DCC5D72BEB103C00681317 /* TrainTransitMapView.swift */,
				F41947392BDE9AD0000F374B /* BusTransitMapView.swift */,
				F41947372BDD6209000F374B /* BusStopPredictionsView.swift */,
			);
			path = Views;
			sourceTree = "<group>";
		};
		F4EFBC662BD9E82400CD7035 /* Repositories */ = {
			isa = PBXGroup;
			children = (
				F4EFBC672BD9E83400CD7035 /* BusRepository.swift */,
				F41947472BE1C3BA000F374B /* TrainRepository.swift */,
			);
			path = Repositories;
			sourceTree = "<group>";
		};
		F4EFBC712BD9F4D400CD7035 /* CoreData */ = {
			isa = PBXGroup;
			children = (
				F4EFBC722BD9F4E800CD7035 /* Favorites.xcdatamodeld */,
			);
			path = CoreData;
			sourceTree = "<group>";
		};
/* End PBXGroup section */

/* Begin PBXNativeTarget section */
		F419475E2BE46A60000F374B /* ctaTrackerTests */ = {
			isa = PBXNativeTarget;
			buildConfigurationList = F41947652BE46A60000F374B /* Build configuration list for PBXNativeTarget "ctaTrackerTests" */;
			buildPhases = (
				F419475B2BE46A60000F374B /* Sources */,
				F419475C2BE46A60000F374B /* Frameworks */,
				F419475D2BE46A60000F374B /* Resources */,
			);
			buildRules = (
			);
			dependencies = (
				F41947642BE46A60000F374B /* PBXTargetDependency */,
			);
			name = ctaTrackerTests;
			productName = ctaTrackerTests;
			productReference = F419475F2BE46A60000F374B /* ctaTrackerTests.xctest */;
			productType = "com.apple.product-type.bundle.unit-test";
		};
		F43AC3062BD751CE0093767E /* ctaTracker */ = {
			isa = PBXNativeTarget;
			buildConfigurationList = F43AC32B2BD751D00093767E /* Build configuration list for PBXNativeTarget "ctaTracker" */;
			buildPhases = (
				F43AC3032BD751CE0093767E /* Sources */,
				F43AC3042BD751CE0093767E /* Frameworks */,
				F43AC3052BD751CE0093767E /* Resources */,
				F43AC32A2BD751D00093767E /* Embed Watch Content */,
			);
			buildRules = (
			);
			dependencies = (
				F43AC31A2BD751CF0093767E /* PBXTargetDependency */,
			);
			name = ctaTracker;
			packageProductDependencies = (
				F4EFBC4B2BD7565700CD7035 /* Alamofire */,
			);
			productName = ctaTracker;
			productReference = F43AC3072BD751CE0093767E /* ctaTracker.app */;
			productType = "com.apple.product-type.application";
		};
		F43AC3162BD751CF0093767E /* ctaTracker Watch App */ = {
			isa = PBXNativeTarget;
			buildConfigurationList = F43AC3272BD751D00093767E /* Build configuration list for PBXNativeTarget "ctaTracker Watch App" */;
			buildPhases = (
				F43AC3132BD751CF0093767E /* Sources */,
				F43AC3142BD751CF0093767E /* Frameworks */,
				F43AC3152BD751CF0093767E /* Resources */,
				F4EFBC552BD7566600CD7035 /* Embed Frameworks */,
			);
			buildRules = (
			);
			dependencies = (
			);
			name = "ctaTracker Watch App";
			packageProductDependencies = (
				F4EFBC502BD7566300CD7035 /* Alamofire */,
			);
			productName = "ctaTracker Watch App";
			productReference = F43AC3172BD751CF0093767E /* ctaTracker Watch App.app */;
			productType = "com.apple.product-type.application";
		};
/* End PBXNativeTarget section */

/* Begin PBXProject section */
		F43AC2FF2BD751CE0093767E /* Project object */ = {
			isa = PBXProject;
			attributes = {
				BuildIndependentTargetsInParallel = 1;
				LastSwiftUpdateCheck = 1530;
				LastUpgradeCheck = 1530;
				TargetAttributes = {
					F419475E2BE46A60000F374B = {
						CreatedOnToolsVersion = 15.3;
						TestTargetID = F43AC3062BD751CE0093767E;
					};
					F43AC3062BD751CE0093767E = {
						CreatedOnToolsVersion = 15.3;
					};
					F43AC3162BD751CF0093767E = {
						CreatedOnToolsVersion = 15.3;
					};
				};
			};
			buildConfigurationList = F43AC3022BD751CE0093767E /* Build configuration list for PBXProject "ctaTracker" */;
			compatibilityVersion = "Xcode 14.0";
			developmentRegion = en;
			hasScannedForEncodings = 0;
			knownRegions = (
				en,
				Base,
			);
			mainGroup = F43AC2FE2BD751CE0093767E;
			packageReferences = (
				F4EFBC4A2BD7565700CD7035 /* XCRemoteSwiftPackageReference "Alamofire" */,
			);
			productRefGroup = F43AC3082BD751CE0093767E /* Products */;
			projectDirPath = "";
			projectRoot = "";
			targets = (
				F43AC3062BD751CE0093767E /* ctaTracker */,
				F43AC3162BD751CF0093767E /* ctaTracker Watch App */,
				F419475E2BE46A60000F374B /* ctaTrackerTests */,
			);
		};
/* End PBXProject section */

/* Begin PBXResourcesBuildPhase section */
		F419475D2BE46A60000F374B /* Resources */ = {
			isa = PBXResourcesBuildPhase;
			buildActionMask = 2147483647;
			files = (
			);
			runOnlyForDeploymentPostprocessing = 0;
		};
		F43AC3052BD751CE0093767E /* Resources */ = {
			isa = PBXResourcesBuildPhase;
			buildActionMask = 2147483647;
			files = (
				F43AC3122BD751CF0093767E /* Preview Assets.xcassets in Resources */,
				F43AC30F2BD751CF0093767E /* Assets.xcassets in Resources */,
				F41947692BE4736E000F374B /* stations.json in Resources */,
			);
			runOnlyForDeploymentPostprocessing = 0;
		};
		F43AC3152BD751CF0093767E /* Resources */ = {
			isa = PBXResourcesBuildPhase;
			buildActionMask = 2147483647;
			files = (
				F43AC3242BD751D00093767E /* Preview Assets.xcassets in Resources */,
				F43AC3212BD751D00093767E /* Assets.xcassets in Resources */,
			);
			runOnlyForDeploymentPostprocessing = 0;
		};
/* End PBXResourcesBuildPhase section */

/* Begin PBXSourcesBuildPhase section */
		F419475B2BE46A60000F374B /* Sources */ = {
			isa = PBXSourcesBuildPhase;
			buildActionMask = 2147483647;
			files = (
				F41947622BE46A60000F374B /* ctaTrackerTests.swift in Sources */,
			);
			runOnlyForDeploymentPostprocessing = 0;
		};
		F43AC3032BD751CE0093767E /* Sources */ = {
			isa = PBXSourcesBuildPhase;
			buildActionMask = 2147483647;
			files = (
				F4EFBC6C2BD9ECDE00CD7035 /* GetBusDirectionsAPIResponse.swift in Sources */,
				F419472B2BDD451B000F374B /* BusRouteEntity.swift in Sources */,
				F41947342BDD5F83000F374B /* GetBusStopPredictionsAPIResponse.swift in Sources */,
				F43AC30D2BD751CE0093767E /* MainBusView.swift in Sources */,
				F41947322BDD59DD000F374B /* Utils.swift in Sources */,
				F41947582BE1DCF6000F374B /* TrainRouteItemView.swift in Sources */,
				F41947562BE1DCA4000F374B /* TrainRoutesView.swift in Sources */,
				F4EFBC652BD9E80C00CD7035 /* BusRoutesView.swift in Sources */,
				F419473D2BDE9C8A000F374B /* BusRouteItemView.swift in Sources */,
				F41947752BE5B718000F374B /* TrainStopPredictions.swift in Sources */,
				F419476F2BE5AD9E000F374B /* TrainDetailsView.swift in Sources */,
				F419472F2BDD5547000F374B /* BusRouteStops.swift in Sources */,
				F41947442BDECEF7000F374B /* BusRouteDetailsViewModel.swift in Sources */,
				F419473A2BDE9AD0000F374B /* BusTransitMapView.swift in Sources */,
				F41947362BDD5FBC000F374B /* BusStopPredictions.swift in Sources */,
				F4DCC5D82BEB103C00681317 /* TrainTransitMapView.swift in Sources */,
				F4EFBC6A2BD9EAC200CD7035 /* BusRouteDetailView.swift in Sources */,
				F41947402BDEC920000F374B /* BusRoutesViewModel.swift in Sources */,
				F4EFBC682BD9E83400CD7035 /* BusRepository.swift in Sources */,
				F419476B2BE473BA000F374B /* TrainStops.swift in Sources */,
				F41947712BE5B5E1000F374B /* TrainStopPredictionsView.swift in Sources */,
				F4EFBC5D2BD75CBA00CD7035 /* GetBusRoutesAPIResponse.swift in Sources */,
				F419474A2BE1C540000F374B /* TrainLine.swift in Sources */,
				F41947542BE1CEC6000F374B /* MainTrainViewModel.swift in Sources */,
				F4DCC5DC2BEB31D600681317 /* TrainStopEntity.swift in Sources */,
				F41947522BE1CEAE000F374B /* MainTrainView.swift in Sources */,
				F419476D2BE4854D000F374B /* GetTrainArrivalsAPIResponse.swift in Sources */,
				F4DCC5D62BE9B95700681317 /* TrainStopItemView.swift in Sources */,
				F41947772BE87DF2000F374B /* TrainPredictionItemView.swift in Sources */,
				F41947422BDEC9A8000F374B /* MainBusViewModel.swift in Sources */,
				F4EFBC602BD9E2E600CD7035 /* BusRoutes.swift in Sources */,
				F4EFBC6E2BD9ED1100CD7035 /* BusDirections.swift in Sources */,
				F4EFBC742BD9F4E800CD7035 /* Favorites.xcdatamodeld in Sources */,
				F43AC30B2BD751CE0093767E /* ctaTrackerApp.swift in Sources */,
				F41947382BDD6209000F374B /* BusStopPredictionsView.swift in Sources */,
				F41947462BDED2F3000F374B /* BusStopPredictionsViewModel.swift in Sources */,
				F41947482BE1C3BA000F374B /* TrainRepository.swift in Sources */,
				F41947732BE5B691000F374B /* TrainStopPredictionsViewModel.swift in Sources */,
				F419472D2BDD54B4000F374B /* GetBusRouteStopsAPIResponse.swift in Sources */,
				F41947502BE1CA9B000F374B /* TrainRoutes.swift in Sources */,
			);
			runOnlyForDeploymentPostprocessing = 0;
		};
		F43AC3132BD751CF0093767E /* Sources */ = {
			isa = PBXSourcesBuildPhase;
			buildActionMask = 2147483647;
			files = (
				F43AC31F2BD751CF0093767E /* ContentView.swift in Sources */,
				F43AC31D2BD751CF0093767E /* ctaTrackerApp.swift in Sources */,
			);
			runOnlyForDeploymentPostprocessing = 0;
		};
/* End PBXSourcesBuildPhase section */

/* Begin PBXTargetDependency section */
		F41947642BE46A60000F374B /* PBXTargetDependency */ = {
			isa = PBXTargetDependency;
			target = F43AC3062BD751CE0093767E /* ctaTracker */;
			targetProxy = F41947632BE46A60000F374B /* PBXContainerItemProxy */;
		};
		F43AC31A2BD751CF0093767E /* PBXTargetDependency */ = {
			isa = PBXTargetDependency;
			target = F43AC3162BD751CF0093767E /* ctaTracker Watch App */;
			targetProxy = F43AC3192BD751CF0093767E /* PBXContainerItemProxy */;
		};
/* End PBXTargetDependency section */

/* Begin XCBuildConfiguration section */
		F41947662BE46A60000F374B /* Debug */ = {
			isa = XCBuildConfiguration;
			buildSettings = {
				BUNDLE_LOADER = "$(TEST_HOST)";
				CODE_SIGN_STYLE = Automatic;
				CURRENT_PROJECT_VERSION = 1;
				DEVELOPMENT_TEAM = DQ7CFP6525;
				GENERATE_INFOPLIST_FILE = YES;
				IPHONEOS_DEPLOYMENT_TARGET = 17.4;
				MARKETING_VERSION = 1.0;
				PRODUCT_BUNDLE_IDENTIFIER = com.kaya.ctaTrackerTests;
				PRODUCT_NAME = "$(TARGET_NAME)";
				SDKROOT = iphoneos;
				SWIFT_EMIT_LOC_STRINGS = NO;
				SWIFT_VERSION = 5.0;
				TARGETED_DEVICE_FAMILY = "1,2";
				TEST_HOST = "$(BUILT_PRODUCTS_DIR)/ctaTracker.app/$(BUNDLE_EXECUTABLE_FOLDER_PATH)/ctaTracker";
			};
			name = Debug;
		};
		F41947672BE46A60000F374B /* Release */ = {
			isa = XCBuildConfiguration;
			buildSettings = {
				BUNDLE_LOADER = "$(TEST_HOST)";
				CODE_SIGN_STYLE = Automatic;
				CURRENT_PROJECT_VERSION = 1;
				DEVELOPMENT_TEAM = DQ7CFP6525;
				GENERATE_INFOPLIST_FILE = YES;
				IPHONEOS_DEPLOYMENT_TARGET = 17.4;
				MARKETING_VERSION = 1.0;
				PRODUCT_BUNDLE_IDENTIFIER = com.kaya.ctaTrackerTests;
				PRODUCT_NAME = "$(TARGET_NAME)";
				SDKROOT = iphoneos;
				SWIFT_EMIT_LOC_STRINGS = NO;
				SWIFT_VERSION = 5.0;
				TARGETED_DEVICE_FAMILY = "1,2";
				TEST_HOST = "$(BUILT_PRODUCTS_DIR)/ctaTracker.app/$(BUNDLE_EXECUTABLE_FOLDER_PATH)/ctaTracker";
				VALIDATE_PRODUCT = YES;
			};
			name = Release;
		};
		F43AC3252BD751D00093767E /* Debug */ = {
			isa = XCBuildConfiguration;
			baseConfigurationReference = F4EFBC492BD7549800CD7035 /* APIKey.xcconfig */;
			buildSettings = {
				ALWAYS_SEARCH_USER_PATHS = NO;
				ASSETCATALOG_COMPILER_GENERATE_SWIFT_ASSET_SYMBOL_EXTENSIONS = YES;
				CLANG_ANALYZER_NONNULL = YES;
				CLANG_ANALYZER_NUMBER_OBJECT_CONVERSION = YES_AGGRESSIVE;
				CLANG_CXX_LANGUAGE_STANDARD = "gnu++20";
				CLANG_ENABLE_MODULES = YES;
				CLANG_ENABLE_OBJC_ARC = YES;
				CLANG_ENABLE_OBJC_WEAK = YES;
				CLANG_WARN_BLOCK_CAPTURE_AUTORELEASING = YES;
				CLANG_WARN_BOOL_CONVERSION = YES;
				CLANG_WARN_COMMA = YES;
				CLANG_WARN_CONSTANT_CONVERSION = YES;
				CLANG_WARN_DEPRECATED_OBJC_IMPLEMENTATIONS = YES;
				CLANG_WARN_DIRECT_OBJC_ISA_USAGE = YES_ERROR;
				CLANG_WARN_DOCUMENTATION_COMMENTS = YES;
				CLANG_WARN_EMPTY_BODY = YES;
				CLANG_WARN_ENUM_CONVERSION = YES;
				CLANG_WARN_INFINITE_RECURSION = YES;
				CLANG_WARN_INT_CONVERSION = YES;
				CLANG_WARN_NON_LITERAL_NULL_CONVERSION = YES;
				CLANG_WARN_OBJC_IMPLICIT_RETAIN_SELF = YES;
				CLANG_WARN_OBJC_LITERAL_CONVERSION = YES;
				CLANG_WARN_OBJC_ROOT_CLASS = YES_ERROR;
				CLANG_WARN_QUOTED_INCLUDE_IN_FRAMEWORK_HEADER = YES;
				CLANG_WARN_RANGE_LOOP_ANALYSIS = YES;
				CLANG_WARN_STRICT_PROTOTYPES = YES;
				CLANG_WARN_SUSPICIOUS_MOVE = YES;
				CLANG_WARN_UNGUARDED_AVAILABILITY = YES_AGGRESSIVE;
				CLANG_WARN_UNREACHABLE_CODE = YES;
				CLANG_WARN__DUPLICATE_METHOD_MATCH = YES;
				COPY_PHASE_STRIP = NO;
				DEBUG_INFORMATION_FORMAT = dwarf;
				ENABLE_STRICT_OBJC_MSGSEND = YES;
				ENABLE_TESTABILITY = YES;
				ENABLE_USER_SCRIPT_SANDBOXING = YES;
				GCC_C_LANGUAGE_STANDARD = gnu17;
				GCC_DYNAMIC_NO_PIC = NO;
				GCC_NO_COMMON_BLOCKS = YES;
				GCC_OPTIMIZATION_LEVEL = 0;
				GCC_PREPROCESSOR_DEFINITIONS = (
					"DEBUG=1",
					"$(inherited)",
				);
				GCC_WARN_64_TO_32_BIT_CONVERSION = YES;
				GCC_WARN_ABOUT_RETURN_TYPE = YES_ERROR;
				GCC_WARN_UNDECLARED_SELECTOR = YES;
				GCC_WARN_UNINITIALIZED_AUTOS = YES_AGGRESSIVE;
				GCC_WARN_UNUSED_FUNCTION = YES;
				GCC_WARN_UNUSED_VARIABLE = YES;
				LOCALIZATION_PREFERS_STRING_CATALOGS = YES;
				MTL_ENABLE_DEBUG_INFO = INCLUDE_SOURCE;
				MTL_FAST_MATH = YES;
				ONLY_ACTIVE_ARCH = YES;
				SWIFT_ACTIVE_COMPILATION_CONDITIONS = "DEBUG $(inherited)";
				SWIFT_OPTIMIZATION_LEVEL = "-Onone";
			};
			name = Debug;
		};
		F43AC3262BD751D00093767E /* Release */ = {
			isa = XCBuildConfiguration;
			baseConfigurationReference = F4EFBC492BD7549800CD7035 /* APIKey.xcconfig */;
			buildSettings = {
				ALWAYS_SEARCH_USER_PATHS = NO;
				ASSETCATALOG_COMPILER_GENERATE_SWIFT_ASSET_SYMBOL_EXTENSIONS = YES;
				CLANG_ANALYZER_NONNULL = YES;
				CLANG_ANALYZER_NUMBER_OBJECT_CONVERSION = YES_AGGRESSIVE;
				CLANG_CXX_LANGUAGE_STANDARD = "gnu++20";
				CLANG_ENABLE_MODULES = YES;
				CLANG_ENABLE_OBJC_ARC = YES;
				CLANG_ENABLE_OBJC_WEAK = YES;
				CLANG_WARN_BLOCK_CAPTURE_AUTORELEASING = YES;
				CLANG_WARN_BOOL_CONVERSION = YES;
				CLANG_WARN_COMMA = YES;
				CLANG_WARN_CONSTANT_CONVERSION = YES;
				CLANG_WARN_DEPRECATED_OBJC_IMPLEMENTATIONS = YES;
				CLANG_WARN_DIRECT_OBJC_ISA_USAGE = YES_ERROR;
				CLANG_WARN_DOCUMENTATION_COMMENTS = YES;
				CLANG_WARN_EMPTY_BODY = YES;
				CLANG_WARN_ENUM_CONVERSION = YES;
				CLANG_WARN_INFINITE_RECURSION = YES;
				CLANG_WARN_INT_CONVERSION = YES;
				CLANG_WARN_NON_LITERAL_NULL_CONVERSION = YES;
				CLANG_WARN_OBJC_IMPLICIT_RETAIN_SELF = YES;
				CLANG_WARN_OBJC_LITERAL_CONVERSION = YES;
				CLANG_WARN_OBJC_ROOT_CLASS = YES_ERROR;
				CLANG_WARN_QUOTED_INCLUDE_IN_FRAMEWORK_HEADER = YES;
				CLANG_WARN_RANGE_LOOP_ANALYSIS = YES;
				CLANG_WARN_STRICT_PROTOTYPES = YES;
				CLANG_WARN_SUSPICIOUS_MOVE = YES;
				CLANG_WARN_UNGUARDED_AVAILABILITY = YES_AGGRESSIVE;
				CLANG_WARN_UNREACHABLE_CODE = YES;
				CLANG_WARN__DUPLICATE_METHOD_MATCH = YES;
				COPY_PHASE_STRIP = NO;
				DEBUG_INFORMATION_FORMAT = "dwarf-with-dsym";
				ENABLE_NS_ASSERTIONS = NO;
				ENABLE_STRICT_OBJC_MSGSEND = YES;
				ENABLE_USER_SCRIPT_SANDBOXING = YES;
				GCC_C_LANGUAGE_STANDARD = gnu17;
				GCC_NO_COMMON_BLOCKS = YES;
				GCC_WARN_64_TO_32_BIT_CONVERSION = YES;
				GCC_WARN_ABOUT_RETURN_TYPE = YES_ERROR;
				GCC_WARN_UNDECLARED_SELECTOR = YES;
				GCC_WARN_UNINITIALIZED_AUTOS = YES_AGGRESSIVE;
				GCC_WARN_UNUSED_FUNCTION = YES;
				GCC_WARN_UNUSED_VARIABLE = YES;
				LOCALIZATION_PREFERS_STRING_CATALOGS = YES;
				MTL_ENABLE_DEBUG_INFO = NO;
				MTL_FAST_MATH = YES;
				SWIFT_COMPILATION_MODE = wholemodule;
			};
			name = Release;
		};
		F43AC3282BD751D00093767E /* Debug */ = {
			isa = XCBuildConfiguration;
			baseConfigurationReference = F4EFBC492BD7549800CD7035 /* APIKey.xcconfig */;
			buildSettings = {
				ASSETCATALOG_COMPILER_APPICON_NAME = AppIcon;
				ASSETCATALOG_COMPILER_GLOBAL_ACCENT_COLOR_NAME = AccentColor;
				CODE_SIGN_STYLE = Automatic;
				CURRENT_PROJECT_VERSION = 1;
				DEVELOPMENT_ASSET_PATHS = "\"ctaTracker Watch App/Preview Content\"";
				DEVELOPMENT_TEAM = DQ7CFP6525;
				ENABLE_PREVIEWS = YES;
				GENERATE_INFOPLIST_FILE = YES;
				INFOPLIST_KEY_CFBundleDisplayName = ctaTracker;
				INFOPLIST_KEY_UISupportedInterfaceOrientations = "UIInterfaceOrientationPortrait UIInterfaceOrientationPortraitUpsideDown";
				INFOPLIST_KEY_WKCompanionAppBundleIdentifier = com.kaya.ctaTracker;
				LD_RUNPATH_SEARCH_PATHS = (
					"$(inherited)",
					"@executable_path/Frameworks",
				);
				MARKETING_VERSION = 1.0;
				PRODUCT_BUNDLE_IDENTIFIER = com.kaya.ctaTracker.watchkitapp;
				PRODUCT_NAME = "$(TARGET_NAME)";
				SDKROOT = watchos;
				SKIP_INSTALL = YES;
				SWIFT_EMIT_LOC_STRINGS = YES;
				SWIFT_VERSION = 5.0;
				TARGETED_DEVICE_FAMILY = 4;
				WATCHOS_DEPLOYMENT_TARGET = 10.4;
			};
			name = Debug;
		};
		F43AC3292BD751D00093767E /* Release */ = {
			isa = XCBuildConfiguration;
			baseConfigurationReference = F4EFBC492BD7549800CD7035 /* APIKey.xcconfig */;
			buildSettings = {
				ASSETCATALOG_COMPILER_APPICON_NAME = AppIcon;
				ASSETCATALOG_COMPILER_GLOBAL_ACCENT_COLOR_NAME = AccentColor;
				CODE_SIGN_STYLE = Automatic;
				CURRENT_PROJECT_VERSION = 1;
				DEVELOPMENT_ASSET_PATHS = "\"ctaTracker Watch App/Preview Content\"";
				DEVELOPMENT_TEAM = DQ7CFP6525;
				ENABLE_PREVIEWS = YES;
				GENERATE_INFOPLIST_FILE = YES;
				INFOPLIST_KEY_CFBundleDisplayName = ctaTracker;
				INFOPLIST_KEY_UISupportedInterfaceOrientations = "UIInterfaceOrientationPortrait UIInterfaceOrientationPortraitUpsideDown";
				INFOPLIST_KEY_WKCompanionAppBundleIdentifier = com.kaya.ctaTracker;
				LD_RUNPATH_SEARCH_PATHS = (
					"$(inherited)",
					"@executable_path/Frameworks",
				);
				MARKETING_VERSION = 1.0;
				PRODUCT_BUNDLE_IDENTIFIER = com.kaya.ctaTracker.watchkitapp;
				PRODUCT_NAME = "$(TARGET_NAME)";
				SDKROOT = watchos;
				SKIP_INSTALL = YES;
				SWIFT_EMIT_LOC_STRINGS = YES;
				SWIFT_VERSION = 5.0;
				TARGETED_DEVICE_FAMILY = 4;
				VALIDATE_PRODUCT = YES;
				WATCHOS_DEPLOYMENT_TARGET = 10.4;
			};
			name = Release;
		};
		F43AC32C2BD751D00093767E /* Debug */ = {
			isa = XCBuildConfiguration;
			baseConfigurationReference = F4EFBC492BD7549800CD7035 /* APIKey.xcconfig */;
			buildSettings = {
				ALWAYS_EMBED_SWIFT_STANDARD_LIBRARIES = YES;
				ASSETCATALOG_COMPILER_APPICON_NAME = AppIcon;
				ASSETCATALOG_COMPILER_GLOBAL_ACCENT_COLOR_NAME = AccentColor;
				CODE_SIGN_STYLE = Automatic;
				CURRENT_PROJECT_VERSION = 1;
				DEVELOPMENT_ASSET_PATHS = "\"ctaTracker/Preview Content\"";
				DEVELOPMENT_TEAM = DQ7CFP6525;
				ENABLE_PREVIEWS = YES;
				GENERATE_INFOPLIST_FILE = YES;
				INFOPLIST_FILE = ctaTracker/Info.plist;
				INFOPLIST_KEY_CFBundleDisplayName = ctaTracker;
				INFOPLIST_KEY_UIApplicationSceneManifest_Generation = YES;
				INFOPLIST_KEY_UIApplicationSupportsIndirectInputEvents = YES;
				INFOPLIST_KEY_UILaunchScreen_Generation = YES;
				INFOPLIST_KEY_UISupportedInterfaceOrientations_iPad = "UIInterfaceOrientationPortrait UIInterfaceOrientationPortraitUpsideDown UIInterfaceOrientationLandscapeLeft UIInterfaceOrientationLandscapeRight";
				INFOPLIST_KEY_UISupportedInterfaceOrientations_iPhone = "UIInterfaceOrientationPortrait UIInterfaceOrientationLandscapeLeft UIInterfaceOrientationLandscapeRight";
				INFOPLIST_KEY_UIUserInterfaceStyle = Light;
				IPHONEOS_DEPLOYMENT_TARGET = 17.0;
				LD_RUNPATH_SEARCH_PATHS = (
					"$(inherited)",
					"@executable_path/Frameworks",
				);
				MARKETING_VERSION = 1.0;
				PRODUCT_BUNDLE_IDENTIFIER = com.kaya.ctaTracker;
				PRODUCT_NAME = "$(TARGET_NAME)";
				SDKROOT = iphoneos;
				SWIFT_EMIT_LOC_STRINGS = YES;
				SWIFT_VERSION = 5.0;
				TARGETED_DEVICE_FAMILY = "1,2";
			};
			name = Debug;
		};
		F43AC32D2BD751D00093767E /* Release */ = {
			isa = XCBuildConfiguration;
			baseConfigurationReference = F4EFBC492BD7549800CD7035 /* APIKey.xcconfig */;
			buildSettings = {
				ALWAYS_EMBED_SWIFT_STANDARD_LIBRARIES = YES;
				ASSETCATALOG_COMPILER_APPICON_NAME = AppIcon;
				ASSETCATALOG_COMPILER_GLOBAL_ACCENT_COLOR_NAME = AccentColor;
				CODE_SIGN_STYLE = Automatic;
				CURRENT_PROJECT_VERSION = 1;
				DEVELOPMENT_ASSET_PATHS = "\"ctaTracker/Preview Content\"";
				DEVELOPMENT_TEAM = DQ7CFP6525;
				ENABLE_PREVIEWS = YES;
				GENERATE_INFOPLIST_FILE = YES;
				INFOPLIST_FILE = ctaTracker/Info.plist;
				INFOPLIST_KEY_CFBundleDisplayName = ctaTracker;
				INFOPLIST_KEY_UIApplicationSceneManifest_Generation = YES;
				INFOPLIST_KEY_UIApplicationSupportsIndirectInputEvents = YES;
				INFOPLIST_KEY_UILaunchScreen_Generation = YES;
				INFOPLIST_KEY_UISupportedInterfaceOrientations_iPad = "UIInterfaceOrientationPortrait UIInterfaceOrientationPortraitUpsideDown UIInterfaceOrientationLandscapeLeft UIInterfaceOrientationLandscapeRight";
				INFOPLIST_KEY_UISupportedInterfaceOrientations_iPhone = "UIInterfaceOrientationPortrait UIInterfaceOrientationLandscapeLeft UIInterfaceOrientationLandscapeRight";
				INFOPLIST_KEY_UIUserInterfaceStyle = Light;
				IPHONEOS_DEPLOYMENT_TARGET = 17.0;
				LD_RUNPATH_SEARCH_PATHS = (
					"$(inherited)",
					"@executable_path/Frameworks",
				);
				MARKETING_VERSION = 1.0;
				PRODUCT_BUNDLE_IDENTIFIER = com.kaya.ctaTracker;
				PRODUCT_NAME = "$(TARGET_NAME)";
				SDKROOT = iphoneos;
				SWIFT_EMIT_LOC_STRINGS = YES;
				SWIFT_VERSION = 5.0;
				TARGETED_DEVICE_FAMILY = "1,2";
				VALIDATE_PRODUCT = YES;
			};
			name = Release;
		};
/* End XCBuildConfiguration section */

/* Begin XCConfigurationList section */
		F41947652BE46A60000F374B /* Build configuration list for PBXNativeTarget "ctaTrackerTests" */ = {
			isa = XCConfigurationList;
			buildConfigurations = (
				F41947662BE46A60000F374B /* Debug */,
				F41947672BE46A60000F374B /* Release */,
			);
			defaultConfigurationIsVisible = 0;
			defaultConfigurationName = Release;
		};
		F43AC3022BD751CE0093767E /* Build configuration list for PBXProject "ctaTracker" */ = {
			isa = XCConfigurationList;
			buildConfigurations = (
				F43AC3252BD751D00093767E /* Debug */,
				F43AC3262BD751D00093767E /* Release */,
			);
			defaultConfigurationIsVisible = 0;
			defaultConfigurationName = Release;
		};
		F43AC3272BD751D00093767E /* Build configuration list for PBXNativeTarget "ctaTracker Watch App" */ = {
			isa = XCConfigurationList;
			buildConfigurations = (
				F43AC3282BD751D00093767E /* Debug */,
				F43AC3292BD751D00093767E /* Release */,
			);
			defaultConfigurationIsVisible = 0;
			defaultConfigurationName = Release;
		};
		F43AC32B2BD751D00093767E /* Build configuration list for PBXNativeTarget "ctaTracker" */ = {
			isa = XCConfigurationList;
			buildConfigurations = (
				F43AC32C2BD751D00093767E /* Debug */,
				F43AC32D2BD751D00093767E /* Release */,
			);
			defaultConfigurationIsVisible = 0;
			defaultConfigurationName = Release;
		};
/* End XCConfigurationList section */

/* Begin XCRemoteSwiftPackageReference section */
		F4EFBC4A2BD7565700CD7035 /* XCRemoteSwiftPackageReference "Alamofire" */ = {
			isa = XCRemoteSwiftPackageReference;
			repositoryURL = "https://github.com/Alamofire/Alamofire.git";
			requirement = {
				kind = upToNextMinorVersion;
				minimumVersion = 5.9.1;
			};
		};
/* End XCRemoteSwiftPackageReference section */

/* Begin XCSwiftPackageProductDependency section */
		F4EFBC4B2BD7565700CD7035 /* Alamofire */ = {
			isa = XCSwiftPackageProductDependency;
			package = F4EFBC4A2BD7565700CD7035 /* XCRemoteSwiftPackageReference "Alamofire" */;
			productName = Alamofire;
		};
		F4EFBC502BD7566300CD7035 /* Alamofire */ = {
			isa = XCSwiftPackageProductDependency;
			package = F4EFBC4A2BD7565700CD7035 /* XCRemoteSwiftPackageReference "Alamofire" */;
			productName = Alamofire;
		};
/* End XCSwiftPackageProductDependency section */

/* Begin XCVersionGroup section */
		F4EFBC722BD9F4E800CD7035 /* Favorites.xcdatamodeld */ = {
			isa = XCVersionGroup;
			children = (
				F4EFBC732BD9F4E800CD7035 /* Favorites.xcdatamodel */,
			);
			currentVersion = F4EFBC732BD9F4E800CD7035 /* Favorites.xcdatamodel */;
			name = Favorites.xcdatamodeld;
			path = /Users/berat/Documents/projects/ctaTracker/ctaTracker/CoreData/Favorites.xcdatamodeld;
			sourceTree = "<group>";
			versionGroupType = wrapper.xcdatamodel;
		};
/* End XCVersionGroup section */
	};
	rootObject = F43AC2FF2BD751CE0093767E /* Project object */;
}
