// !$*UTF8*$!
{
	archiveVersion = 1;
	classes = {
	};
	objectVersion = 56;
	objects = {

/* Begin PBXBuildFile section */
		F43AC30B2BD751CE0093767E /* ctaTrackerApp.swift in Sources */ = {isa = PBXBuildFile; fileRef = F43AC30A2BD751CE0093767E /* ctaTrackerApp.swift */; };
		F43AC30D2BD751CE0093767E /* ContentView.swift in Sources */ = {isa = PBXBuildFile; fileRef = F43AC30C2BD751CE0093767E /* ContentView.swift */; };
		F43AC30F2BD751CF0093767E /* Assets.xcassets in Resources */ = {isa = PBXBuildFile; fileRef = F43AC30E2BD751CF0093767E /* Assets.xcassets */; };
		F43AC3122BD751CF0093767E /* Preview Assets.xcassets in Resources */ = {isa = PBXBuildFile; fileRef = F43AC3112BD751CF0093767E /* Preview Assets.xcassets */; };
		F43AC3182BD751CF0093767E /* ctaTracker Watch App.app in Embed Watch Content */ = {isa = PBXBuildFile; fileRef = F43AC3172BD751CF0093767E /* ctaTracker Watch App.app */; settings = {ATTRIBUTES = (RemoveHeadersOnCopy, ); }; };
		F43AC31D2BD751CF0093767E /* ctaTrackerApp.swift in Sources */ = {isa = PBXBuildFile; fileRef = F43AC31C2BD751CF0093767E /* ctaTrackerApp.swift */; };
		F43AC31F2BD751CF0093767E /* ContentView.swift in Sources */ = {isa = PBXBuildFile; fileRef = F43AC31E2BD751CF0093767E /* ContentView.swift */; };
		F43AC3212BD751D00093767E /* Assets.xcassets in Resources */ = {isa = PBXBuildFile; fileRef = F43AC3202BD751D00093767E /* Assets.xcassets */; };
		F43AC3242BD751D00093767E /* Preview Assets.xcassets in Resources */ = {isa = PBXBuildFile; fileRef = F43AC3232BD751D00093767E /* Preview Assets.xcassets */; };
		F4EFBC4C2BD7565700CD7035 /* Alamofire in Frameworks */ = {isa = PBXBuildFile; productRef = F4EFBC4B2BD7565700CD7035 /* Alamofire */; };
		F4EFBC4E2BD7565700CD7035 /* AlamofireDynamic in Frameworks */ = {isa = PBXBuildFile; productRef = F4EFBC4D2BD7565700CD7035 /* AlamofireDynamic */; };
		F4EFBC512BD7566300CD7035 /* Alamofire in Frameworks */ = {isa = PBXBuildFile; productRef = F4EFBC502BD7566300CD7035 /* Alamofire */; };
		F4EFBC532BD7566600CD7035 /* AlamofireDynamic in Frameworks */ = {isa = PBXBuildFile; productRef = F4EFBC522BD7566600CD7035 /* AlamofireDynamic */; };
		F4EFBC542BD7566600CD7035 /* AlamofireDynamic in Embed Frameworks */ = {isa = PBXBuildFile; productRef = F4EFBC522BD7566600CD7035 /* AlamofireDynamic */; settings = {ATTRIBUTES = (CodeSignOnCopy, ); }; };
		F4EFBC5D2BD75CBA00CD7035 /* GetRoutesAPIResponse.swift in Sources */ = {isa = PBXBuildFile; fileRef = F4EFBC5C2BD75CBA00CD7035 /* GetRoutesAPIResponse.swift */; };
		F4EFBC602BD9E2E600CD7035 /* BusRoutes.swift in Sources */ = {isa = PBXBuildFile; fileRef = F4EFBC5F2BD9E2E600CD7035 /* BusRoutes.swift */; };
		F4EFBC652BD9E80C00CD7035 /* BusRoutesView.swift in Sources */ = {isa = PBXBuildFile; fileRef = F4EFBC642BD9E80C00CD7035 /* BusRoutesView.swift */; };
		F4EFBC682BD9E83400CD7035 /* BusRepository.swift in Sources */ = {isa = PBXBuildFile; fileRef = F4EFBC672BD9E83400CD7035 /* BusRepository.swift */; };
		F4EFBC6A2BD9EAC200CD7035 /* BusRouteDetailView.swift in Sources */ = {isa = PBXBuildFile; fileRef = F4EFBC692BD9EAC200CD7035 /* BusRouteDetailView.swift */; };
/* End PBXBuildFile section */

/* Begin PBXContainerItemProxy section */
		F43AC3192BD751CF0093767E /* PBXContainerItemProxy */ = {
			isa = PBXContainerItemProxy;
			containerPortal = F43AC2FF2BD751CE0093767E /* Project object */;
			proxyType = 1;
			remoteGlobalIDString = F43AC3162BD751CF0093767E;
			remoteInfo = "ctaTracker Watch App";
		};
/* End PBXContainerItemProxy section */

/* Begin PBXCopyFilesBuildPhase section */
		F43AC32A2BD751D00093767E /* Embed Watch Content */ = {
			isa = PBXCopyFilesBuildPhase;
			buildActionMask = 2147483647;
			dstPath = "$(CONTENTS_FOLDER_PATH)/Watch";
			dstSubfolderSpec = 16;
			files = (
				F43AC3182BD751CF0093767E /* ctaTracker Watch App.app in Embed Watch Content */,
			);
			name = "Embed Watch Content";
			runOnlyForDeploymentPostprocessing = 0;
		};
		F4EFBC552BD7566600CD7035 /* Embed Frameworks */ = {
			isa = PBXCopyFilesBuildPhase;
			buildActionMask = 2147483647;
			dstPath = "";
			dstSubfolderSpec = 10;
			files = (
				F4EFBC542BD7566600CD7035 /* AlamofireDynamic in Embed Frameworks */,
			);
			name = "Embed Frameworks";
			runOnlyForDeploymentPostprocessing = 0;
		};
/* End PBXCopyFilesBuildPhase section */

/* Begin PBXFileReference section */
		F43AC3072BD751CE0093767E /* ctaTracker.app */ = {isa = PBXFileReference; explicitFileType = wrapper.application; includeInIndex = 0; path = ctaTracker.app; sourceTree = BUILT_PRODUCTS_DIR; };
		F43AC30A2BD751CE0093767E /* ctaTrackerApp.swift */ = {isa = PBXFileReference; lastKnownFileType = sourcecode.swift; path = ctaTrackerApp.swift; sourceTree = "<group>"; };
		F43AC30C2BD751CE0093767E /* ContentView.swift */ = {isa = PBXFileReference; lastKnownFileType = sourcecode.swift; path = ContentView.swift; sourceTree = "<group>"; };
		F43AC30E2BD751CF0093767E /* Assets.xcassets */ = {isa = PBXFileReference; lastKnownFileType = folder.assetcatalog; path = Assets.xcassets; sourceTree = "<group>"; };
		F43AC3112BD751CF0093767E /* Preview Assets.xcassets */ = {isa = PBXFileReference; lastKnownFileType = folder.assetcatalog; path = "Preview Assets.xcassets"; sourceTree = "<group>"; };
		F43AC3172BD751CF0093767E /* ctaTracker Watch App.app */ = {isa = PBXFileReference; explicitFileType = wrapper.application; includeInIndex = 0; path = "ctaTracker Watch App.app"; sourceTree = BUILT_PRODUCTS_DIR; };
		F43AC31C2BD751CF0093767E /* ctaTrackerApp.swift */ = {isa = PBXFileReference; lastKnownFileType = sourcecode.swift; path = ctaTrackerApp.swift; sourceTree = "<group>"; };
		F43AC31E2BD751CF0093767E /* ContentView.swift */ = {isa = PBXFileReference; lastKnownFileType = sourcecode.swift; path = ContentView.swift; sourceTree = "<group>"; };
		F43AC3202BD751D00093767E /* Assets.xcassets */ = {isa = PBXFileReference; lastKnownFileType = folder.assetcatalog; path = Assets.xcassets; sourceTree = "<group>"; };
		F43AC3232BD751D00093767E /* Preview Assets.xcassets */ = {isa = PBXFileReference; lastKnownFileType = folder.assetcatalog; path = "Preview Assets.xcassets"; sourceTree = "<group>"; };
		F4EFBC492BD7549800CD7035 /* APIKey.xcconfig */ = {isa = PBXFileReference; lastKnownFileType = text.xcconfig; path = APIKey.xcconfig; sourceTree = "<group>"; };
		F4EFBC582BD75A7800CD7035 /* Info.plist */ = {isa = PBXFileReference; lastKnownFileType = text.plist; path = Info.plist; sourceTree = "<group>"; };
		F4EFBC5C2BD75CBA00CD7035 /* GetRoutesAPIResponse.swift */ = {isa = PBXFileReference; lastKnownFileType = sourcecode.swift; path = GetRoutesAPIResponse.swift; sourceTree = "<group>"; };
		F4EFBC5F2BD9E2E600CD7035 /* BusRoutes.swift */ = {isa = PBXFileReference; lastKnownFileType = sourcecode.swift; path = BusRoutes.swift; sourceTree = "<group>"; };
		F4EFBC642BD9E80C00CD7035 /* BusRoutesView.swift */ = {isa = PBXFileReference; lastKnownFileType = sourcecode.swift; path = BusRoutesView.swift; sourceTree = "<group>"; };
		F4EFBC672BD9E83400CD7035 /* BusRepository.swift */ = {isa = PBXFileReference; lastKnownFileType = sourcecode.swift; path = BusRepository.swift; sourceTree = "<group>"; };
		F4EFBC692BD9EAC200CD7035 /* BusRouteDetailView.swift */ = {isa = PBXFileReference; lastKnownFileType = sourcecode.swift; path = BusRouteDetailView.swift; sourceTree = "<group>"; };

/* End PBXFileReference section */

/* Begin PBXFrameworksBuildPhase section */
		F43AC3042BD751CE0093767E /* Frameworks */ = {
			isa = PBXFrameworksBuildPhase;
			buildActionMask = 2147483647;
			files = (
				F4EFBC4C2BD7565700CD7035 /* Alamofire in Frameworks */,
				F4EFBC4E2BD7565700CD7035 /* AlamofireDynamic in Frameworks */,
			);
			runOnlyForDeploymentPostprocessing = 0;
		};
		F43AC3142BD751CF0093767E /* Frameworks */ = {
			isa = PBXFrameworksBuildPhase;
			buildActionMask = 2147483647;
			files = (
				F4EFBC512BD7566300CD7035 /* Alamofire in Frameworks */,
				F4EFBC532BD7566600CD7035 /* AlamofireDynamic in Frameworks */,
			);
			runOnlyForDeploymentPostprocessing = 0;
		};
/* End PBXFrameworksBuildPhase section */

/* Begin PBXGroup section */
		F43AC2FE2BD751CE0093767E = {
			isa = PBXGroup;
			children = (
				F4EFBC492BD7549800CD7035 /* APIKey.xcconfig */,
				F43AC3092BD751CE0093767E /* ctaTracker */,
				F43AC31B2BD751CF0093767E /* ctaTracker Watch App */,
				F43AC3082BD751CE0093767E /* Products */,
				F4EFBC4F2BD7566300CD7035 /* Frameworks */,
			);
			sourceTree = "<group>";
		};
		F43AC3082BD751CE0093767E /* Products */ = {
			isa = PBXGroup;
			children = (
				F43AC3072BD751CE0093767E /* ctaTracker.app */,
				F43AC3172BD751CF0093767E /* ctaTracker Watch App.app */,
			);
			name = Products;
			sourceTree = "<group>";
		};
		F43AC3092BD751CE0093767E /* ctaTracker */ = {
			isa = PBXGroup;
			children = (
				F4EFBC582BD75A7800CD7035 /* Info.plist */,
				F43AC30A2BD751CE0093767E /* ctaTrackerApp.swift */,
				F43AC30C2BD751CE0093767E /* ContentView.swift */,
				F4EFBC662BD9E82400CD7035 /* Repository */,
				F4EFBC612BD9E7EF00CD7035 /* Views */,
				F4EFBC592BD75C9800CD7035 /* Models */,
				F43AC30E2BD751CF0093767E /* Assets.xcassets */,
				F43AC3102BD751CF0093767E /* Preview Content */,
			);
			path = ctaTracker;
			sourceTree = "<group>";
		};
		F43AC3102BD751CF0093767E /* Preview Content */ = {
			isa = PBXGroup;
			children = (
				F43AC3112BD751CF0093767E /* Preview Assets.xcassets */,
			);
			path = "Preview Content";
			sourceTree = "<group>";
		};
		F43AC31B2BD751CF0093767E /* ctaTracker Watch App */ = {
			isa = PBXGroup;
			children = (
				F43AC31C2BD751CF0093767E /* ctaTrackerApp.swift */,
				F43AC31E2BD751CF0093767E /* ContentView.swift */,
				F43AC3202BD751D00093767E /* Assets.xcassets */,
				F43AC3222BD751D00093767E /* Preview Content */,
			);
			path = "ctaTracker Watch App";
			sourceTree = "<group>";
		};
		F43AC3222BD751D00093767E /* Preview Content */ = {
			isa = PBXGroup;
			children = (
				F43AC3232BD751D00093767E /* Preview Assets.xcassets */,
			);
			path = "Preview Content";
			sourceTree = "<group>";
		};
		F4EFBC4F2BD7566300CD7035 /* Frameworks */ = {
			isa = PBXGroup;
			children = (
			);
			name = Frameworks;
			sourceTree = "<group>";
		};
		F4EFBC592BD75C9800CD7035 /* Models */ = {
			isa = PBXGroup;
			children = (
				F4EFBC5A2BD75CA600CD7035 /* API */,
				F4EFBC5F2BD9E2E600CD7035 /* BusRoutes.swift */,
			);
			path = Models;
			sourceTree = "<group>";
		};
		F4EFBC5A2BD75CA600CD7035 /* API */ = {
			isa = PBXGroup;
			children = (
				F4EFBC5C2BD75CBA00CD7035 /* GetRoutesAPIResponse.swift */,
			);
			path = API;
			sourceTree = "<group>";
		};
		F4EFBC612BD9E7EF00CD7035 /* Views */ = {
			isa = PBXGroup;
			children = (
				F4EFBC642BD9E80C00CD7035 /* BusRoutesView.swift */,
				F4EFBC692BD9EAC200CD7035 /* BusRouteDetailView.swift */,
			);
			path = Views;
			sourceTree = "<group>";
		};
		F4EFBC662BD9E82400CD7035 /* Repository */ = {
			isa = PBXGroup;
			children = (
				F4EFBC672BD9E83400CD7035 /* BusRepository.swift */,
			);
			path = Repository;
			sourceTree = "<group>";
		};
/* End PBXGroup section */

/* Begin PBXNativeTarget section */
		F43AC3062BD751CE0093767E /* ctaTracker */ = {
			isa = PBXNativeTarget;
			buildConfigurationList = F43AC32B2BD751D00093767E /* Build configuration list for PBXNativeTarget "ctaTracker" */;
			buildPhases = (
				F43AC3032BD751CE0093767E /* Sources */,
				F43AC3042BD751CE0093767E /* Frameworks */,
				F43AC3052BD751CE0093767E /* Resources */,
				F43AC32A2BD751D00093767E /* Embed Watch Content */,
			);
			buildRules = (
			);
			dependencies = (
				F43AC31A2BD751CF0093767E /* PBXTargetDependency */,
			);
			name = ctaTracker;
			packageProductDependencies = (
				F4EFBC4B2BD7565700CD7035 /* Alamofire */,
				F4EFBC4D2BD7565700CD7035 /* AlamofireDynamic */,
			);
			productName = ctaTracker;
			productReference = F43AC3072BD751CE0093767E /* ctaTracker.app */;
			productType = "com.apple.product-type.application";
		};
		F43AC3162BD751CF0093767E /* ctaTracker Watch App */ = {
			isa = PBXNativeTarget;
			buildConfigurationList = F43AC3272BD751D00093767E /* Build configuration list for PBXNativeTarget "ctaTracker Watch App" */;
			buildPhases = (
				F43AC3132BD751CF0093767E /* Sources */,
				F43AC3142BD751CF0093767E /* Frameworks */,
				F43AC3152BD751CF0093767E /* Resources */,
				F4EFBC552BD7566600CD7035 /* Embed Frameworks */,
			);
			buildRules = (
			);
			dependencies = (
			);
			name = "ctaTracker Watch App";
			packageProductDependencies = (
				F4EFBC502BD7566300CD7035 /* Alamofire */,
				F4EFBC522BD7566600CD7035 /* AlamofireDynamic */,
			);
			productName = "ctaTracker Watch App";
			productReference = F43AC3172BD751CF0093767E /* ctaTracker Watch App.app */;
			productType = "com.apple.product-type.application";
		};
/* End PBXNativeTarget section */

/* Begin PBXProject section */
		F43AC2FF2BD751CE0093767E /* Project object */ = {
			isa = PBXProject;
			attributes = {
				BuildIndependentTargetsInParallel = 1;
				LastSwiftUpdateCheck = 1530;
				LastUpgradeCheck = 1530;
				TargetAttributes = {
					F43AC3062BD751CE0093767E = {
						CreatedOnToolsVersion = 15.3;
					};
					F43AC3162BD751CF0093767E = {
						CreatedOnToolsVersion = 15.3;
					};
				};
			};
			buildConfigurationList = F43AC3022BD751CE0093767E /* Build configuration list for PBXProject "ctaTracker" */;
			compatibilityVersion = "Xcode 14.0";
			developmentRegion = en;
			hasScannedForEncodings = 0;
			knownRegions = (
				en,
				Base,
			);
			mainGroup = F43AC2FE2BD751CE0093767E;
			packageReferences = (
				F4EFBC4A2BD7565700CD7035 /* XCRemoteSwiftPackageReference "Alamofire" */,
			);
			productRefGroup = F43AC3082BD751CE0093767E /* Products */;
			projectDirPath = "";
			projectRoot = "";
			targets = (
				F43AC3062BD751CE0093767E /* ctaTracker */,
				F43AC3162BD751CF0093767E /* ctaTracker Watch App */,
			);
		};
/* End PBXProject section */

/* Begin PBXResourcesBuildPhase section */
		F43AC3052BD751CE0093767E /* Resources */ = {
			isa = PBXResourcesBuildPhase;
			buildActionMask = 2147483647;
			files = (
				F43AC3122BD751CF0093767E /* Preview Assets.xcassets in Resources */,
				F43AC30F2BD751CF0093767E /* Assets.xcassets in Resources */,
			);
			runOnlyForDeploymentPostprocessing = 0;
		};
		F43AC3152BD751CF0093767E /* Resources */ = {
			isa = PBXResourcesBuildPhase;
			buildActionMask = 2147483647;
			files = (
				F43AC3242BD751D00093767E /* Preview Assets.xcassets in Resources */,
				F43AC3212BD751D00093767E /* Assets.xcassets in Resources */,
			);
			runOnlyForDeploymentPostprocessing = 0;
		};
/* End PBXResourcesBuildPhase section */

/* Begin PBXSourcesBuildPhase section */
		F43AC3032BD751CE0093767E /* Sources */ = {
			isa = PBXSourcesBuildPhase;
			buildActionMask = 2147483647;
			files = (
				F43AC30D2BD751CE0093767E /* ContentView.swift in Sources */,
				F4EFBC652BD9E80C00CD7035 /* BusRoutesView.swift in Sources */,
				F4EFBC6A2BD9EAC200CD7035 /* BusRouteDetailView.swift in Sources */,
				F4EFBC682BD9E83400CD7035 /* BusRepository.swift in Sources */,
				F4EFBC5D2BD75CBA00CD7035 /* GetRoutesAPIResponse.swift in Sources */,
				F4EFBC602BD9E2E600CD7035 /* BusRoutes.swift in Sources */,
				F43AC30B2BD751CE0093767E /* ctaTrackerApp.swift in Sources */,
			);
			runOnlyForDeploymentPostprocessing = 0;
		};
		F43AC3132BD751CF0093767E /* Sources */ = {
			isa = PBXSourcesBuildPhase;
			buildActionMask = 2147483647;
			files = (
				F43AC31F2BD751CF0093767E /* ContentView.swift in Sources */,
				F43AC31D2BD751CF0093767E /* ctaTrackerApp.swift in Sources */,
			);
			runOnlyForDeploymentPostprocessing = 0;
		};
/* End PBXSourcesBuildPhase section */

/* Begin PBXTargetDependency section */
		F43AC31A2BD751CF0093767E /* PBXTargetDependency */ = {
			isa = PBXTargetDependency;
			target = F43AC3162BD751CF0093767E /* ctaTracker Watch App */;
			targetProxy = F43AC3192BD751CF0093767E /* PBXContainerItemProxy */;
		};
/* End PBXTargetDependency section */

/* Begin XCBuildConfiguration section */
		F43AC3252BD751D00093767E /* Debug */ = {
			isa = XCBuildConfiguration;
			baseConfigurationReference = F4EFBC492BD7549800CD7035 /* APIKey.xcconfig */;
			buildSettings = {
				ALWAYS_SEARCH_USER_PATHS = NO;
				ASSETCATALOG_COMPILER_GENERATE_SWIFT_ASSET_SYMBOL_EXTENSIONS = YES;
				CLANG_ANALYZER_NONNULL = YES;
				CLANG_ANALYZER_NUMBER_OBJECT_CONVERSION = YES_AGGRESSIVE;
				CLANG_CXX_LANGUAGE_STANDARD = "gnu++20";
				CLANG_ENABLE_MODULES = YES;
				CLANG_ENABLE_OBJC_ARC = YES;
				CLANG_ENABLE_OBJC_WEAK = YES;
				CLANG_WARN_BLOCK_CAPTURE_AUTORELEASING = YES;
				CLANG_WARN_BOOL_CONVERSION = YES;
				CLANG_WARN_COMMA = YES;
				CLANG_WARN_CONSTANT_CONVERSION = YES;
				CLANG_WARN_DEPRECATED_OBJC_IMPLEMENTATIONS = YES;
				CLANG_WARN_DIRECT_OBJC_ISA_USAGE = YES_ERROR;
				CLANG_WARN_DOCUMENTATION_COMMENTS = YES;
				CLANG_WARN_EMPTY_BODY = YES;
				CLANG_WARN_ENUM_CONVERSION = YES;
				CLANG_WARN_INFINITE_RECURSION = YES;
				CLANG_WARN_INT_CONVERSION = YES;
				CLANG_WARN_NON_LITERAL_NULL_CONVERSION = YES;
				CLANG_WARN_OBJC_IMPLICIT_RETAIN_SELF = YES;
				CLANG_WARN_OBJC_LITERAL_CONVERSION = YES;
				CLANG_WARN_OBJC_ROOT_CLASS = YES_ERROR;
				CLANG_WARN_QUOTED_INCLUDE_IN_FRAMEWORK_HEADER = YES;
				CLANG_WARN_RANGE_LOOP_ANALYSIS = YES;
				CLANG_WARN_STRICT_PROTOTYPES = YES;
				CLANG_WARN_SUSPICIOUS_MOVE = YES;
				CLANG_WARN_UNGUARDED_AVAILABILITY = YES_AGGRESSIVE;
				CLANG_WARN_UNREACHABLE_CODE = YES;
				CLANG_WARN__DUPLICATE_METHOD_MATCH = YES;
				COPY_PHASE_STRIP = NO;
				DEBUG_INFORMATION_FORMAT = dwarf;
				ENABLE_STRICT_OBJC_MSGSEND = YES;
				ENABLE_TESTABILITY = YES;
				ENABLE_USER_SCRIPT_SANDBOXING = YES;
				GCC_C_LANGUAGE_STANDARD = gnu17;
				GCC_DYNAMIC_NO_PIC = NO;
				GCC_NO_COMMON_BLOCKS = YES;
				GCC_OPTIMIZATION_LEVEL = 0;
				GCC_PREPROCESSOR_DEFINITIONS = (
					"DEBUG=1",
					"$(inherited)",
				);
				GCC_WARN_64_TO_32_BIT_CONVERSION = YES;
				GCC_WARN_ABOUT_RETURN_TYPE = YES_ERROR;
				GCC_WARN_UNDECLARED_SELECTOR = YES;
				GCC_WARN_UNINITIALIZED_AUTOS = YES_AGGRESSIVE;
				GCC_WARN_UNUSED_FUNCTION = YES;
				GCC_WARN_UNUSED_VARIABLE = YES;
				LOCALIZATION_PREFERS_STRING_CATALOGS = YES;
				MTL_ENABLE_DEBUG_INFO = INCLUDE_SOURCE;
				MTL_FAST_MATH = YES;
				ONLY_ACTIVE_ARCH = YES;
				SWIFT_ACTIVE_COMPILATION_CONDITIONS = "DEBUG $(inherited)";
				SWIFT_OPTIMIZATION_LEVEL = "-Onone";
			};
			name = Debug;
		};
		F43AC3262BD751D00093767E /* Release */ = {
			isa = XCBuildConfiguration;
			baseConfigurationReference = F4EFBC492BD7549800CD7035 /* APIKey.xcconfig */;
			buildSettings = {
				ALWAYS_SEARCH_USER_PATHS = NO;
				ASSETCATALOG_COMPILER_GENERATE_SWIFT_ASSET_SYMBOL_EXTENSIONS = YES;
				CLANG_ANALYZER_NONNULL = YES;
				CLANG_ANALYZER_NUMBER_OBJECT_CONVERSION = YES_AGGRESSIVE;
				CLANG_CXX_LANGUAGE_STANDARD = "gnu++20";
				CLANG_ENABLE_MODULES = YES;
				CLANG_ENABLE_OBJC_ARC = YES;
				CLANG_ENABLE_OBJC_WEAK = YES;
				CLANG_WARN_BLOCK_CAPTURE_AUTORELEASING = YES;
				CLANG_WARN_BOOL_CONVERSION = YES;
				CLANG_WARN_COMMA = YES;
				CLANG_WARN_CONSTANT_CONVERSION = YES;
				CLANG_WARN_DEPRECATED_OBJC_IMPLEMENTATIONS = YES;
				CLANG_WARN_DIRECT_OBJC_ISA_USAGE = YES_ERROR;
				CLANG_WARN_DOCUMENTATION_COMMENTS = YES;
				CLANG_WARN_EMPTY_BODY = YES;
				CLANG_WARN_ENUM_CONVERSION = YES;
				CLANG_WARN_INFINITE_RECURSION = YES;
				CLANG_WARN_INT_CONVERSION = YES;
				CLANG_WARN_NON_LITERAL_NULL_CONVERSION = YES;
				CLANG_WARN_OBJC_IMPLICIT_RETAIN_SELF = YES;
				CLANG_WARN_OBJC_LITERAL_CONVERSION = YES;
				CLANG_WARN_OBJC_ROOT_CLASS = YES_ERROR;
				CLANG_WARN_QUOTED_INCLUDE_IN_FRAMEWORK_HEADER = YES;
				CLANG_WARN_RANGE_LOOP_ANALYSIS = YES;
				CLANG_WARN_STRICT_PROTOTYPES = YES;
				CLANG_WARN_SUSPICIOUS_MOVE = YES;
				CLANG_WARN_UNGUARDED_AVAILABILITY = YES_AGGRESSIVE;
				CLANG_WARN_UNREACHABLE_CODE = YES;
				CLANG_WARN__DUPLICATE_METHOD_MATCH = YES;
				COPY_PHASE_STRIP = NO;
				DEBUG_INFORMATION_FORMAT = "dwarf-with-dsym";
				ENABLE_NS_ASSERTIONS = NO;
				ENABLE_STRICT_OBJC_MSGSEND = YES;
				ENABLE_USER_SCRIPT_SANDBOXING = YES;
				GCC_C_LANGUAGE_STANDARD = gnu17;
				GCC_NO_COMMON_BLOCKS = YES;
				GCC_WARN_64_TO_32_BIT_CONVERSION = YES;
				GCC_WARN_ABOUT_RETURN_TYPE = YES_ERROR;
				GCC_WARN_UNDECLARED_SELECTOR = YES;
				GCC_WARN_UNINITIALIZED_AUTOS = YES_AGGRESSIVE;
				GCC_WARN_UNUSED_FUNCTION = YES;
				GCC_WARN_UNUSED_VARIABLE = YES;
				LOCALIZATION_PREFERS_STRING_CATALOGS = YES;
				MTL_ENABLE_DEBUG_INFO = NO;
				MTL_FAST_MATH = YES;
				SWIFT_COMPILATION_MODE = wholemodule;
			};
			name = Release;
		};
		F43AC3282BD751D00093767E /* Debug */ = {
			isa = XCBuildConfiguration;
			baseConfigurationReference = F4EFBC492BD7549800CD7035 /* APIKey.xcconfig */;
			buildSettings = {
				ASSETCATALOG_COMPILER_APPICON_NAME = AppIcon;
				ASSETCATALOG_COMPILER_GLOBAL_ACCENT_COLOR_NAME = AccentColor;
				CODE_SIGN_STYLE = Automatic;
				CURRENT_PROJECT_VERSION = 1;
				DEVELOPMENT_ASSET_PATHS = "\"ctaTracker Watch App/Preview Content\"";
				DEVELOPMENT_TEAM = DQ7CFP6525;
				ENABLE_PREVIEWS = YES;
				GENERATE_INFOPLIST_FILE = YES;
				INFOPLIST_KEY_CFBundleDisplayName = ctaTracker;
				INFOPLIST_KEY_UISupportedInterfaceOrientations = "UIInterfaceOrientationPortrait UIInterfaceOrientationPortraitUpsideDown";
				INFOPLIST_KEY_WKCompanionAppBundleIdentifier = com.kaya.ctaTracker;
				LD_RUNPATH_SEARCH_PATHS = (
					"$(inherited)",
					"@executable_path/Frameworks",
				);
				MARKETING_VERSION = 1.0;
				PRODUCT_BUNDLE_IDENTIFIER = com.kaya.ctaTracker.watchkitapp;
				PRODUCT_NAME = "$(TARGET_NAME)";
				SDKROOT = watchos;
				SKIP_INSTALL = YES;
				SWIFT_EMIT_LOC_STRINGS = YES;
				SWIFT_VERSION = 5.0;
				TARGETED_DEVICE_FAMILY = 4;
				WATCHOS_DEPLOYMENT_TARGET = 10.4;
			};
			name = Debug;
		};
		F43AC3292BD751D00093767E /* Release */ = {
			isa = XCBuildConfiguration;
			baseConfigurationReference = F4EFBC492BD7549800CD7035 /* APIKey.xcconfig */;
			buildSettings = {
				ASSETCATALOG_COMPILER_APPICON_NAME = AppIcon;
				ASSETCATALOG_COMPILER_GLOBAL_ACCENT_COLOR_NAME = AccentColor;
				CODE_SIGN_STYLE = Automatic;
				CURRENT_PROJECT_VERSION = 1;
				DEVELOPMENT_ASSET_PATHS = "\"ctaTracker Watch App/Preview Content\"";
				DEVELOPMENT_TEAM = DQ7CFP6525;
				ENABLE_PREVIEWS = YES;
				GENERATE_INFOPLIST_FILE = YES;
				INFOPLIST_KEY_CFBundleDisplayName = ctaTracker;
				INFOPLIST_KEY_UISupportedInterfaceOrientations = "UIInterfaceOrientationPortrait UIInterfaceOrientationPortraitUpsideDown";
				INFOPLIST_KEY_WKCompanionAppBundleIdentifier = com.kaya.ctaTracker;
				LD_RUNPATH_SEARCH_PATHS = (
					"$(inherited)",
					"@executable_path/Frameworks",
				);
				MARKETING_VERSION = 1.0;
				PRODUCT_BUNDLE_IDENTIFIER = com.kaya.ctaTracker.watchkitapp;
				PRODUCT_NAME = "$(TARGET_NAME)";
				SDKROOT = watchos;
				SKIP_INSTALL = YES;
				SWIFT_EMIT_LOC_STRINGS = YES;
				SWIFT_VERSION = 5.0;
				TARGETED_DEVICE_FAMILY = 4;
				VALIDATE_PRODUCT = YES;
				WATCHOS_DEPLOYMENT_TARGET = 10.4;
			};
			name = Release;
		};
		F43AC32C2BD751D00093767E /* Debug */ = {
			isa = XCBuildConfiguration;
			baseConfigurationReference = F4EFBC492BD7549800CD7035 /* APIKey.xcconfig */;
			buildSettings = {
				ALWAYS_EMBED_SWIFT_STANDARD_LIBRARIES = YES;
				ASSETCATALOG_COMPILER_APPICON_NAME = AppIcon;
				ASSETCATALOG_COMPILER_GLOBAL_ACCENT_COLOR_NAME = AccentColor;
				CODE_SIGN_STYLE = Automatic;
				CURRENT_PROJECT_VERSION = 1;
				DEVELOPMENT_ASSET_PATHS = "\"ctaTracker/Preview Content\"";
				DEVELOPMENT_TEAM = DQ7CFP6525;
				ENABLE_PREVIEWS = YES;
				GENERATE_INFOPLIST_FILE = YES;
				INFOPLIST_FILE = ctaTracker/Info.plist;
				INFOPLIST_KEY_CFBundleDisplayName = ctaTracker;
				INFOPLIST_KEY_UIApplicationSceneManifest_Generation = YES;
				INFOPLIST_KEY_UIApplicationSupportsIndirectInputEvents = YES;
				INFOPLIST_KEY_UILaunchScreen_Generation = YES;
				INFOPLIST_KEY_UISupportedInterfaceOrientations_iPad = "UIInterfaceOrientationPortrait UIInterfaceOrientationPortraitUpsideDown UIInterfaceOrientationLandscapeLeft UIInterfaceOrientationLandscapeRight";
				INFOPLIST_KEY_UISupportedInterfaceOrientations_iPhone = "UIInterfaceOrientationPortrait UIInterfaceOrientationLandscapeLeft UIInterfaceOrientationLandscapeRight";
				IPHONEOS_DEPLOYMENT_TARGET = 17.4;
				LD_RUNPATH_SEARCH_PATHS = (
					"$(inherited)",
					"@executable_path/Frameworks",
				);
				MARKETING_VERSION = 1.0;
				PRODUCT_BUNDLE_IDENTIFIER = com.kaya.ctaTracker;
				PRODUCT_NAME = "$(TARGET_NAME)";
				SDKROOT = iphoneos;
				SWIFT_EMIT_LOC_STRINGS = YES;
				SWIFT_VERSION = 5.0;
				TARGETED_DEVICE_FAMILY = "1,2";
			};
			name = Debug;
		};
		F43AC32D2BD751D00093767E /* Release */ = {
			isa = XCBuildConfiguration;
			baseConfigurationReference = F4EFBC492BD7549800CD7035 /* APIKey.xcconfig */;
			buildSettings = {
				ALWAYS_EMBED_SWIFT_STANDARD_LIBRARIES = YES;
				ASSETCATALOG_COMPILER_APPICON_NAME = AppIcon;
				ASSETCATALOG_COMPILER_GLOBAL_ACCENT_COLOR_NAME = AccentColor;
				CODE_SIGN_STYLE = Automatic;
				CURRENT_PROJECT_VERSION = 1;
				DEVELOPMENT_ASSET_PATHS = "\"ctaTracker/Preview Content\"";
				DEVELOPMENT_TEAM = DQ7CFP6525;
				ENABLE_PREVIEWS = YES;
				GENERATE_INFOPLIST_FILE = YES;
				INFOPLIST_FILE = ctaTracker/Info.plist;
				INFOPLIST_KEY_CFBundleDisplayName = ctaTracker;
				INFOPLIST_KEY_UIApplicationSceneManifest_Generation = YES;
				INFOPLIST_KEY_UIApplicationSupportsIndirectInputEvents = YES;
				INFOPLIST_KEY_UILaunchScreen_Generation = YES;
				INFOPLIST_KEY_UISupportedInterfaceOrientations_iPad = "UIInterfaceOrientationPortrait UIInterfaceOrientationPortraitUpsideDown UIInterfaceOrientationLandscapeLeft UIInterfaceOrientationLandscapeRight";
				INFOPLIST_KEY_UISupportedInterfaceOrientations_iPhone = "UIInterfaceOrientationPortrait UIInterfaceOrientationLandscapeLeft UIInterfaceOrientationLandscapeRight";
				IPHONEOS_DEPLOYMENT_TARGET = 17.4;
				LD_RUNPATH_SEARCH_PATHS = (
					"$(inherited)",
					"@executable_path/Frameworks",
				);
				MARKETING_VERSION = 1.0;
				PRODUCT_BUNDLE_IDENTIFIER = com.kaya.ctaTracker;
				PRODUCT_NAME = "$(TARGET_NAME)";
				SDKROOT = iphoneos;
				SWIFT_EMIT_LOC_STRINGS = YES;
				SWIFT_VERSION = 5.0;
				TARGETED_DEVICE_FAMILY = "1,2";
				VALIDATE_PRODUCT = YES;
			};
			name = Release;
		};
/* End XCBuildConfiguration section */

/* Begin XCConfigurationList section */
		F43AC3022BD751CE0093767E /* Build configuration list for PBXProject "ctaTracker" */ = {
			isa = XCConfigurationList;
			buildConfigurations = (
				F43AC3252BD751D00093767E /* Debug */,
				F43AC3262BD751D00093767E /* Release */,
			);
			defaultConfigurationIsVisible = 0;
			defaultConfigurationName = Release;
		};
		F43AC3272BD751D00093767E /* Build configuration list for PBXNativeTarget "ctaTracker Watch App" */ = {
			isa = XCConfigurationList;
			buildConfigurations = (
				F43AC3282BD751D00093767E /* Debug */,
				F43AC3292BD751D00093767E /* Release */,
			);
			defaultConfigurationIsVisible = 0;
			defaultConfigurationName = Release;
		};
		F43AC32B2BD751D00093767E /* Build configuration list for PBXNativeTarget "ctaTracker" */ = {
			isa = XCConfigurationList;
			buildConfigurations = (
				F43AC32C2BD751D00093767E /* Debug */,
				F43AC32D2BD751D00093767E /* Release */,
			);
			defaultConfigurationIsVisible = 0;
			defaultConfigurationName = Release;
		};
/* End XCConfigurationList section */

/* Begin XCRemoteSwiftPackageReference section */
		F4EFBC4A2BD7565700CD7035 /* XCRemoteSwiftPackageReference "Alamofire" */ = {
			isa = XCRemoteSwiftPackageReference;
			repositoryURL = "https://github.com/Alamofire/Alamofire.git";
			requirement = {
				kind = upToNextMinorVersion;
				minimumVersion = 5.9.1;
			};
		};
/* End XCRemoteSwiftPackageReference section */

/* Begin XCSwiftPackageProductDependency section */
		F4EFBC4B2BD7565700CD7035 /* Alamofire */ = {
			isa = XCSwiftPackageProductDependency;
			package = F4EFBC4A2BD7565700CD7035 /* XCRemoteSwiftPackageReference "Alamofire" */;
			productName = Alamofire;
		};
		F4EFBC4D2BD7565700CD7035 /* AlamofireDynamic */ = {
			isa = XCSwiftPackageProductDependency;
			package = F4EFBC4A2BD7565700CD7035 /* XCRemoteSwiftPackageReference "Alamofire" */;
			productName = AlamofireDynamic;
		};
		F4EFBC502BD7566300CD7035 /* Alamofire */ = {
			isa = XCSwiftPackageProductDependency;
			package = F4EFBC4A2BD7565700CD7035 /* XCRemoteSwiftPackageReference "Alamofire" */;
			productName = Alamofire;
		};
		F4EFBC522BD7566600CD7035 /* AlamofireDynamic */ = {
			isa = XCSwiftPackageProductDependency;
			package = F4EFBC4A2BD7565700CD7035 /* XCRemoteSwiftPackageReference "Alamofire" */;
			productName = AlamofireDynamic;
		};
/* End XCSwiftPackageProductDependency section */
	};
	rootObject = F43AC2FF2BD751CE0093767E /* Project object */;
}
